// !$*UTF8*$!
{
	archiveVersion = 1;
	classes = {
	};
	objectVersion = 46;
	objects = {

/* Begin PBXBuildFile section */
		25038C801DD5C8F800002B8E /* Emoticons.bundle in Resources */ = {isa = PBXBuildFile; fileRef = 25038C7F1DD5C8F800002B8E /* Emoticons.bundle */; };
		250621D11D5B29D0000B542B /* PopoverPresentationController.swift in Sources */ = {isa = PBXBuildFile; fileRef = 250621CF1D5B29D0000B542B /* PopoverPresentationController.swift */; };
		250621D21D5B29D0000B542B /* PopoverViewController.swift in Sources */ = {isa = PBXBuildFile; fileRef = 250621D01D5B29D0000B542B /* PopoverViewController.swift */; };
		250622831D5C0E9C000B542B /* PopoverPresentationManager.swift in Sources */ = {isa = PBXBuildFile; fileRef = 250622821D5C0E9C000B542B /* PopoverPresentationManager.swift */; };
		250622881D5D6201000B542B /* QRCodeViewController.swift in Sources */ = {isa = PBXBuildFile; fileRef = 250622871D5D6201000B542B /* QRCodeViewController.swift */; };
		25115FD61D62BB9800EAE3F9 /* QRCodeView.swift in Sources */ = {isa = PBXBuildFile; fileRef = 25115FD51D62BB9800EAE3F9 /* QRCodeView.swift */; };
		25115FDA1D62EBC800EAE3F9 /* QRCodeCreateController.swift in Sources */ = {isa = PBXBuildFile; fileRef = 25115FD91D62EBC800EAE3F9 /* QRCodeCreateController.swift */; };
		252CA6251D863E1B005042F5 /* EmoticonKeyboardCell.swift in Sources */ = {isa = PBXBuildFile; fileRef = 252CA6201D863E1B005042F5 /* EmoticonKeyboardCell.swift */; };
		252CA6261D863E1B005042F5 /* EmoticonKeyboardController.swift in Sources */ = {isa = PBXBuildFile; fileRef = 252CA6211D863E1B005042F5 /* EmoticonKeyboardController.swift */; };
		252CA6271D863E1B005042F5 /* EmoticonModel.swift in Sources */ = {isa = PBXBuildFile; fileRef = 252CA6221D863E1B005042F5 /* EmoticonModel.swift */; };
		252CA6281D863E1B005042F5 /* EmoticonManager.swift in Sources */ = {isa = PBXBuildFile; fileRef = 252CA6231D863E1B005042F5 /* EmoticonManager.swift */; };
		252EEB011D66E9F100AC064D /* Const.swift in Sources */ = {isa = PBXBuildFile; fileRef = 252EEAFF1D66E9F100AC064D /* Const.swift */; };
		252EEB021D66E9F100AC064D /* Extension.swift in Sources */ = {isa = PBXBuildFile; fileRef = 252EEB001D66E9F100AC064D /* Extension.swift */; };
		255467F51D912B360060874A /* KeyboardToolbar.swift in Sources */ = {isa = PBXBuildFile; fileRef = 255467F21D912B360060874A /* KeyboardToolbar.swift */; };
		255467F61D912B360060874A /* PlaceholderTextView.swift in Sources */ = {isa = PBXBuildFile; fileRef = 255467F31D912B360060874A /* PlaceholderTextView.swift */; };
		255467F71D912B360060874A /* TitleView.swift in Sources */ = {isa = PBXBuildFile; fileRef = 255467F41D912B360060874A /* TitleView.swift */; };
		25558A12E5EE46A40170EA1B /* Pods_CCWeiboAPP.framework in Frameworks */ = {isa = PBXBuildFile; fileRef = F70C364AD593EBEE2DD624DB /* Pods_CCWeiboAPP.framework */; };
		256300A41DA9ECCA00CD8994 /* ProfileGroup.swift in Sources */ = {isa = PBXBuildFile; fileRef = 256300A01DA9ECCA00CD8994 /* ProfileGroup.swift */; };
		256300A51DA9ECCA00CD8994 /* ProfileModel.swift in Sources */ = {isa = PBXBuildFile; fileRef = 256300A11DA9ECCA00CD8994 /* ProfileModel.swift */; };
		256300A71DA9ECFF00CD8994 /* PersonView.swift in Sources */ = {isa = PBXBuildFile; fileRef = 256300A61DA9ECFF00CD8994 /* PersonView.swift */; };
		257B0BA91D7D46B5003EBC91 /* BrowserCell.swift in Sources */ = {isa = PBXBuildFile; fileRef = 257B0BA71D7D46B5003EBC91 /* BrowserCell.swift */; };
		257B0BAA1D7D46B5003EBC91 /* BrowserViewController.swift in Sources */ = {isa = PBXBuildFile; fileRef = 257B0BA81D7D46B5003EBC91 /* BrowserViewController.swift */; };
		257B0BAC1D7D46FA003EBC91 /* BrowserPresentationController.swift in Sources */ = {isa = PBXBuildFile; fileRef = 257B0BAB1D7D46FA003EBC91 /* BrowserPresentationController.swift */; };
		258D37411DB60E4F00EE02C3 /* SettingViewController.swift in Sources */ = {isa = PBXBuildFile; fileRef = 258D37401DB60E4F00EE02C3 /* SettingViewController.swift */; };
		259AEF4E1D8262E600C6C407 /* ComposeViewController.swift in Sources */ = {isa = PBXBuildFile; fileRef = 259AEF4B1D8262E600C6C407 /* ComposeViewController.swift */; };
		259C62EA1D6D7A3F00884257 /* PopoverView.swift in Sources */ = {isa = PBXBuildFile; fileRef = 259C62E91D6D7A3F00884257 /* PopoverView.swift */; };
		259C62F21D6D7BE100884257 /* NewFeatureCell.swift in Sources */ = {isa = PBXBuildFile; fileRef = 259C62ED1D6D7BE100884257 /* NewFeatureCell.swift */; };
		259C62F31D6D7BE100884257 /* NewFeatureViewController.swift in Sources */ = {isa = PBXBuildFile; fileRef = 259C62EE1D6D7BE100884257 /* NewFeatureViewController.swift */; };
		259C62F41D6D7BE100884257 /* WelcomeView.swift in Sources */ = {isa = PBXBuildFile; fileRef = 259C62F01D6D7BE100884257 /* WelcomeView.swift */; };
		259C62F51D6D7BE100884257 /* WelcomeViewController.swift in Sources */ = {isa = PBXBuildFile; fileRef = 259C62F11D6D7BE100884257 /* WelcomeViewController.swift */; };
		25A0333E1D76DB9300152FE5 /* NetworkingUtil.swift in Sources */ = {isa = PBXBuildFile; fileRef = 25A0333D1D76DB9300152FE5 /* NetworkingUtil.swift */; };
		25A033471D76DD8F00152FE5 /* StatusModel.swift in Sources */ = {isa = PBXBuildFile; fileRef = 25A033401D76DD8F00152FE5 /* StatusModel.swift */; };
		25A033481D76DD8F00152FE5 /* StatusViewModel.swift in Sources */ = {isa = PBXBuildFile; fileRef = 25A033411D76DD8F00152FE5 /* StatusViewModel.swift */; };
		25A033491D76DD8F00152FE5 /* UserModel.swift in Sources */ = {isa = PBXBuildFile; fileRef = 25A033421D76DD8F00152FE5 /* UserModel.swift */; };
		25A033501D76DDCA00152FE5 /* TitleButton.swift in Sources */ = {isa = PBXBuildFile; fileRef = 25A0334E1D76DDCA00152FE5 /* TitleButton.swift */; };
		25A033511D76DDCA00152FE5 /* VisitorView.swift in Sources */ = {isa = PBXBuildFile; fileRef = 25A0334F1D76DDCA00152FE5 /* VisitorView.swift */; };
		25A129981D7FB4230031570C /* Color.swift in Sources */ = {isa = PBXBuildFile; fileRef = 25A129971D7FB4230031570C /* Color.swift */; };
		25BE300B1D6A98D100947C4B /* UserAccount.swift in Sources */ = {isa = PBXBuildFile; fileRef = 25BE300A1D6A98D100947C4B /* UserAccount.swift */; };
		25D360071D655BF8004A45AA /* OAuthViewController.swift in Sources */ = {isa = PBXBuildFile; fileRef = 25D360061D655BF8004A45AA /* OAuthViewController.swift */; };
		25E9B6F11DB0D88300763016 /* DetailViewController.swift in Sources */ = {isa = PBXBuildFile; fileRef = 25E9B6F01DB0D88300763016 /* DetailViewController.swift */; };
		25E9B6F31DB0E18500763016 /* CommentModel.swift in Sources */ = {isa = PBXBuildFile; fileRef = 25E9B6F21DB0E18500763016 /* CommentModel.swift */; };
		25F414251DADE61800E6FE0B /* WeiboProfile.json in Resources */ = {isa = PBXBuildFile; fileRef = 25F414241DADE61800E6FE0B /* WeiboProfile.json */; };
		25F414331DAE2F2100E6FE0B /* ThemeButton.swift in Sources */ = {isa = PBXBuildFile; fileRef = 25F4142F1DAE2F2100E6FE0B /* ThemeButton.swift */; };
		25F414341DAE2F2100E6FE0B /* ThemeCell.swift in Sources */ = {isa = PBXBuildFile; fileRef = 25F414301DAE2F2100E6FE0B /* ThemeCell.swift */; };
		25F414361DAE2F3C00E6FE0B /* DiscoverViewController.swift in Sources */ = {isa = PBXBuildFile; fileRef = 25F414351DAE2F3C00E6FE0B /* DiscoverViewController.swift */; };
		25F414381DAE2F5000E6FE0B /* ProfileViewController.swift in Sources */ = {isa = PBXBuildFile; fileRef = 25F414371DAE2F5000E6FE0B /* ProfileViewController.swift */; };
		25F4143A1DAE3F0E00E6FE0B /* DiscoverHeaderView.swift in Sources */ = {isa = PBXBuildFile; fileRef = 25F414391DAE3F0E00E6FE0B /* DiscoverHeaderView.swift */; };
		25F4143D1DAE410B00E6FE0B /* DiscoverTheme.json in Resources */ = {isa = PBXBuildFile; fileRef = 25F4143B1DAE410B00E6FE0B /* DiscoverTheme.json */; };
		25F4143E1DAE410B00E6FE0B /* DiscoverTopic.json in Resources */ = {isa = PBXBuildFile; fileRef = 25F4143C1DAE410B00E6FE0B /* DiscoverTopic.json */; };
		25F414401DAE41DD00E6FE0B /* TopicCell.swift in Sources */ = {isa = PBXBuildFile; fileRef = 25F4143F1DAE41DD00E6FE0B /* TopicCell.swift */; };
		25F414421DAF765C00E6FE0B /* BasicMessage.json in Resources */ = {isa = PBXBuildFile; fileRef = 25F414411DAF765C00E6FE0B /* BasicMessage.json */; };
		25F414461DAF82A600E6FE0B /* MessageCell.swift in Sources */ = {isa = PBXBuildFile; fileRef = 25F414451DAF82A600E6FE0B /* MessageCell.swift */; };
		25FF791D1D79524E0098F064 /* PictureCollectionView.swift in Sources */ = {isa = PBXBuildFile; fileRef = 25FF791C1D79524E0098F064 /* PictureCollectionView.swift */; };
		25FF79231D7977F20098F064 /* PictureCell.swift in Sources */ = {isa = PBXBuildFile; fileRef = 25FF79221D7977F20098F064 /* PictureCell.swift */; };
		867D5D351D8D325200B5A41F /* PhotoPickerController.swift in Sources */ = {isa = PBXBuildFile; fileRef = 867D5D341D8D325200B5A41F /* PhotoPickerController.swift */; };
		867D5D371D8D327D00B5A41F /* PhotoPickerCell.swift in Sources */ = {isa = PBXBuildFile; fileRef = 867D5D361D8D327D00B5A41F /* PhotoPickerCell.swift */; };
		868890031D3D26E70038F753 /* AppDelegate.swift in Sources */ = {isa = PBXBuildFile; fileRef = 868890021D3D26E70038F753 /* AppDelegate.swift */; };
		8688900A1D3D26E70038F753 /* Assets.xcassets in Resources */ = {isa = PBXBuildFile; fileRef = 868890091D3D26E70038F753 /* Assets.xcassets */; };
		86B5E9951D44FCF100A5D0F0 /* MainViewControllerSettings.json in Resources */ = {isa = PBXBuildFile; fileRef = 86B5E9931D44FCF100A5D0F0 /* MainViewControllerSettings.json */; };
		86B5E9981D44FD1200A5D0F0 /* NullViewController.swift in Sources */ = {isa = PBXBuildFile; fileRef = 86B5E9971D44FD1200A5D0F0 /* NullViewController.swift */; };
		86C36E6B1DCA0E66006A6FEA /* AdViewController.swift in Sources */ = {isa = PBXBuildFile; fileRef = 86C36E681DCA0E66006A6FEA /* AdViewController.swift */; };
		86C36E6C1DCA0E66006A6FEA /* BaseViewController.swift in Sources */ = {isa = PBXBuildFile; fileRef = 86C36E691DCA0E66006A6FEA /* BaseViewController.swift */; };
		86C36E6D1DCA0E66006A6FEA /* WebViewController.swift in Sources */ = {isa = PBXBuildFile; fileRef = 86C36E6A1DCA0E66006A6FEA /* WebViewController.swift */; };
		86C6568F1D7C187600BEDB17 /* BaseStatusCell.swift in Sources */ = {isa = PBXBuildFile; fileRef = 86C6568B1D7C187600BEDB17 /* BaseStatusCell.swift */; };
		86C656911D7C187600BEDB17 /* RetweetStatusCell.swift in Sources */ = {isa = PBXBuildFile; fileRef = 86C6568D1D7C187600BEDB17 /* RetweetStatusCell.swift */; };
		86C656921D7C187600BEDB17 /* WeiboStatusCell.swift in Sources */ = {isa = PBXBuildFile; fileRef = 86C6568E1D7C187600BEDB17 /* WeiboStatusCell.swift */; };
		86C656951D7C193100BEDB17 /* ProgressView.swift in Sources */ = {isa = PBXBuildFile; fileRef = 86C656941D7C193100BEDB17 /* ProgressView.swift */; };
		86C656971D7C195A00BEDB17 /* ProgressImageView.swift in Sources */ = {isa = PBXBuildFile; fileRef = 86C656961D7C195A00BEDB17 /* ProgressImageView.swift */; };
		86D112B51DB320EE009D7291 /* CommentCell.swift in Sources */ = {isa = PBXBuildFile; fileRef = 86D112B41DB320EE009D7291 /* CommentCell.swift */; };
		86D700521D411C26003C65D7 /* MainViewController.swift in Sources */ = {isa = PBXBuildFile; fileRef = 86D700511D411C26003C65D7 /* MainViewController.swift */; };
		86D700541D411C48003C65D7 /* HomeViewController.swift in Sources */ = {isa = PBXBuildFile; fileRef = 86D700531D411C48003C65D7 /* HomeViewController.swift */; };
		86D700581D411C7C003C65D7 /* MessageViewController.swift in Sources */ = {isa = PBXBuildFile; fileRef = 86D700571D411C7C003C65D7 /* MessageViewController.swift */; };
/* End PBXBuildFile section */

/* Begin PBXFileReference section */
		1F0B12A120BC1E947C656F13 /* Pods-CCWeiboAPP.debug.xcconfig */ = {isa = PBXFileReference; includeInIndex = 1; lastKnownFileType = text.xcconfig; name = "Pods-CCWeiboAPP.debug.xcconfig"; path = "Pods/Target Support Files/Pods-CCWeiboAPP/Pods-CCWeiboAPP.debug.xcconfig"; sourceTree = "<group>"; };
		25038C7F1DD5C8F800002B8E /* Emoticons.bundle */ = {isa = PBXFileReference; lastKnownFileType = "wrapper.plug-in"; path = Emoticons.bundle; sourceTree = "<group>"; };
		250621CF1D5B29D0000B542B /* PopoverPresentationController.swift */ = {isa = PBXFileReference; fileEncoding = 4; lastKnownFileType = sourcecode.swift; name = PopoverPresentationController.swift; path = Popover/PopoverPresentationController.swift; sourceTree = "<group>"; };
		250621D01D5B29D0000B542B /* PopoverViewController.swift */ = {isa = PBXFileReference; fileEncoding = 4; lastKnownFileType = sourcecode.swift; name = PopoverViewController.swift; path = Popover/PopoverViewController.swift; sourceTree = "<group>"; };
		250622821D5C0E9C000B542B /* PopoverPresentationManager.swift */ = {isa = PBXFileReference; fileEncoding = 4; lastKnownFileType = sourcecode.swift; name = PopoverPresentationManager.swift; path = Popover/PopoverPresentationManager.swift; sourceTree = "<group>"; };
		250622871D5D6201000B542B /* QRCodeViewController.swift */ = {isa = PBXFileReference; fileEncoding = 4; lastKnownFileType = sourcecode.swift; path = QRCodeViewController.swift; sourceTree = "<group>"; };
		25115FD51D62BB9800EAE3F9 /* QRCodeView.swift */ = {isa = PBXFileReference; fileEncoding = 4; lastKnownFileType = sourcecode.swift; path = QRCodeView.swift; sourceTree = "<group>"; };
		25115FD91D62EBC800EAE3F9 /* QRCodeCreateController.swift */ = {isa = PBXFileReference; fileEncoding = 4; lastKnownFileType = sourcecode.swift; path = QRCodeCreateController.swift; sourceTree = "<group>"; };
		252CA6201D863E1B005042F5 /* EmoticonKeyboardCell.swift */ = {isa = PBXFileReference; fileEncoding = 4; lastKnownFileType = sourcecode.swift; path = EmoticonKeyboardCell.swift; sourceTree = "<group>"; };
		252CA6211D863E1B005042F5 /* EmoticonKeyboardController.swift */ = {isa = PBXFileReference; fileEncoding = 4; lastKnownFileType = sourcecode.swift; path = EmoticonKeyboardController.swift; sourceTree = "<group>"; };
		252CA6221D863E1B005042F5 /* EmoticonModel.swift */ = {isa = PBXFileReference; fileEncoding = 4; lastKnownFileType = sourcecode.swift; path = EmoticonModel.swift; sourceTree = "<group>"; };
		252CA6231D863E1B005042F5 /* EmoticonManager.swift */ = {isa = PBXFileReference; fileEncoding = 4; lastKnownFileType = sourcecode.swift; path = EmoticonManager.swift; sourceTree = "<group>"; };
		252EEAFF1D66E9F100AC064D /* Const.swift */ = {isa = PBXFileReference; fileEncoding = 4; lastKnownFileType = sourcecode.swift; path = Const.swift; sourceTree = "<group>"; };
		252EEB001D66E9F100AC064D /* Extension.swift */ = {isa = PBXFileReference; fileEncoding = 4; lastKnownFileType = sourcecode.swift; path = Extension.swift; sourceTree = "<group>"; };
		255467F21D912B360060874A /* KeyboardToolbar.swift */ = {isa = PBXFileReference; fileEncoding = 4; lastKnownFileType = sourcecode.swift; path = KeyboardToolbar.swift; sourceTree = "<group>"; };
		255467F31D912B360060874A /* PlaceholderTextView.swift */ = {isa = PBXFileReference; fileEncoding = 4; lastKnownFileType = sourcecode.swift; path = PlaceholderTextView.swift; sourceTree = "<group>"; };
		255467F41D912B360060874A /* TitleView.swift */ = {isa = PBXFileReference; fileEncoding = 4; lastKnownFileType = sourcecode.swift; path = TitleView.swift; sourceTree = "<group>"; };
		255E13471DC8388A00ECFF26 /* CC微博.entitlements */ = {isa = PBXFileReference; lastKnownFileType = text.plist.entitlements; path = "CC微博.entitlements"; sourceTree = "<group>"; };
		256300A01DA9ECCA00CD8994 /* ProfileGroup.swift */ = {isa = PBXFileReference; fileEncoding = 4; lastKnownFileType = sourcecode.swift; path = ProfileGroup.swift; sourceTree = "<group>"; };
		256300A11DA9ECCA00CD8994 /* ProfileModel.swift */ = {isa = PBXFileReference; fileEncoding = 4; lastKnownFileType = sourcecode.swift; path = ProfileModel.swift; sourceTree = "<group>"; };
		256300A61DA9ECFF00CD8994 /* PersonView.swift */ = {isa = PBXFileReference; fileEncoding = 4; lastKnownFileType = sourcecode.swift; path = PersonView.swift; sourceTree = "<group>"; };
		257B0BA71D7D46B5003EBC91 /* BrowserCell.swift */ = {isa = PBXFileReference; fileEncoding = 4; lastKnownFileType = sourcecode.swift; path = BrowserCell.swift; sourceTree = "<group>"; };
		257B0BA81D7D46B5003EBC91 /* BrowserViewController.swift */ = {isa = PBXFileReference; fileEncoding = 4; lastKnownFileType = sourcecode.swift; path = BrowserViewController.swift; sourceTree = "<group>"; };
		257B0BAB1D7D46FA003EBC91 /* BrowserPresentationController.swift */ = {isa = PBXFileReference; fileEncoding = 4; lastKnownFileType = sourcecode.swift; path = BrowserPresentationController.swift; sourceTree = "<group>"; };
		258D37401DB60E4F00EE02C3 /* SettingViewController.swift */ = {isa = PBXFileReference; fileEncoding = 4; lastKnownFileType = sourcecode.swift; path = SettingViewController.swift; sourceTree = "<group>"; };
		259AEF4B1D8262E600C6C407 /* ComposeViewController.swift */ = {isa = PBXFileReference; fileEncoding = 4; lastKnownFileType = sourcecode.swift; path = ComposeViewController.swift; sourceTree = "<group>"; };
		259C62E91D6D7A3F00884257 /* PopoverView.swift */ = {isa = PBXFileReference; fileEncoding = 4; lastKnownFileType = sourcecode.swift; name = PopoverView.swift; path = Popover/PopoverView.swift; sourceTree = "<group>"; };
		259C62ED1D6D7BE100884257 /* NewFeatureCell.swift */ = {isa = PBXFileReference; fileEncoding = 4; lastKnownFileType = sourcecode.swift; path = NewFeatureCell.swift; sourceTree = "<group>"; };
		259C62EE1D6D7BE100884257 /* NewFeatureViewController.swift */ = {isa = PBXFileReference; fileEncoding = 4; lastKnownFileType = sourcecode.swift; path = NewFeatureViewController.swift; sourceTree = "<group>"; };
		259C62F01D6D7BE100884257 /* WelcomeView.swift */ = {isa = PBXFileReference; fileEncoding = 4; lastKnownFileType = sourcecode.swift; path = WelcomeView.swift; sourceTree = "<group>"; };
		259C62F11D6D7BE100884257 /* WelcomeViewController.swift */ = {isa = PBXFileReference; fileEncoding = 4; lastKnownFileType = sourcecode.swift; path = WelcomeViewController.swift; sourceTree = "<group>"; };
		25A0333D1D76DB9300152FE5 /* NetworkingUtil.swift */ = {isa = PBXFileReference; fileEncoding = 4; lastKnownFileType = sourcecode.swift; path = NetworkingUtil.swift; sourceTree = "<group>"; };
		25A033401D76DD8F00152FE5 /* StatusModel.swift */ = {isa = PBXFileReference; fileEncoding = 4; lastKnownFileType = sourcecode.swift; path = StatusModel.swift; sourceTree = "<group>"; };
		25A033411D76DD8F00152FE5 /* StatusViewModel.swift */ = {isa = PBXFileReference; fileEncoding = 4; lastKnownFileType = sourcecode.swift; path = StatusViewModel.swift; sourceTree = "<group>"; };
		25A033421D76DD8F00152FE5 /* UserModel.swift */ = {isa = PBXFileReference; fileEncoding = 4; lastKnownFileType = sourcecode.swift; path = UserModel.swift; sourceTree = "<group>"; };
		25A0334E1D76DDCA00152FE5 /* TitleButton.swift */ = {isa = PBXFileReference; fileEncoding = 4; lastKnownFileType = sourcecode.swift; path = TitleButton.swift; sourceTree = "<group>"; };
		25A0334F1D76DDCA00152FE5 /* VisitorView.swift */ = {isa = PBXFileReference; fileEncoding = 4; lastKnownFileType = sourcecode.swift; path = VisitorView.swift; sourceTree = "<group>"; };
		25A129971D7FB4230031570C /* Color.swift */ = {isa = PBXFileReference; fileEncoding = 4; lastKnownFileType = sourcecode.swift; path = Color.swift; sourceTree = "<group>"; };
		25BE300A1D6A98D100947C4B /* UserAccount.swift */ = {isa = PBXFileReference; fileEncoding = 4; lastKnownFileType = sourcecode.swift; path = UserAccount.swift; sourceTree = "<group>"; };
		25D360061D655BF8004A45AA /* OAuthViewController.swift */ = {isa = PBXFileReference; fileEncoding = 4; lastKnownFileType = sourcecode.swift; path = OAuthViewController.swift; sourceTree = "<group>"; };
		25D360091D66A6EB004A45AA /* CCWeiboAPP-Bridging-Header.h */ = {isa = PBXFileReference; lastKnownFileType = sourcecode.c.h; path = "CCWeiboAPP-Bridging-Header.h"; sourceTree = "<group>"; };
		25E9B6F01DB0D88300763016 /* DetailViewController.swift */ = {isa = PBXFileReference; fileEncoding = 4; lastKnownFileType = sourcecode.swift; path = DetailViewController.swift; sourceTree = "<group>"; };
		25E9B6F21DB0E18500763016 /* CommentModel.swift */ = {isa = PBXFileReference; fileEncoding = 4; lastKnownFileType = sourcecode.swift; path = CommentModel.swift; sourceTree = "<group>"; };
		25F414241DADE61800E6FE0B /* WeiboProfile.json */ = {isa = PBXFileReference; fileEncoding = 4; lastKnownFileType = text.json; path = WeiboProfile.json; sourceTree = "<group>"; };
		25F4142F1DAE2F2100E6FE0B /* ThemeButton.swift */ = {isa = PBXFileReference; fileEncoding = 4; lastKnownFileType = sourcecode.swift; path = ThemeButton.swift; sourceTree = "<group>"; };
		25F414301DAE2F2100E6FE0B /* ThemeCell.swift */ = {isa = PBXFileReference; fileEncoding = 4; lastKnownFileType = sourcecode.swift; path = ThemeCell.swift; sourceTree = "<group>"; };
		25F414351DAE2F3C00E6FE0B /* DiscoverViewController.swift */ = {isa = PBXFileReference; fileEncoding = 4; lastKnownFileType = sourcecode.swift; path = DiscoverViewController.swift; sourceTree = "<group>"; };
		25F414371DAE2F5000E6FE0B /* ProfileViewController.swift */ = {isa = PBXFileReference; fileEncoding = 4; lastKnownFileType = sourcecode.swift; path = ProfileViewController.swift; sourceTree = "<group>"; };
		25F414391DAE3F0E00E6FE0B /* DiscoverHeaderView.swift */ = {isa = PBXFileReference; fileEncoding = 4; lastKnownFileType = sourcecode.swift; path = DiscoverHeaderView.swift; sourceTree = "<group>"; };
		25F4143B1DAE410B00E6FE0B /* DiscoverTheme.json */ = {isa = PBXFileReference; fileEncoding = 4; lastKnownFileType = text.json; path = DiscoverTheme.json; sourceTree = "<group>"; };
		25F4143C1DAE410B00E6FE0B /* DiscoverTopic.json */ = {isa = PBXFileReference; fileEncoding = 4; lastKnownFileType = text.json; path = DiscoverTopic.json; sourceTree = "<group>"; };
		25F4143F1DAE41DD00E6FE0B /* TopicCell.swift */ = {isa = PBXFileReference; fileEncoding = 4; lastKnownFileType = sourcecode.swift; path = TopicCell.swift; sourceTree = "<group>"; };
		25F414411DAF765C00E6FE0B /* BasicMessage.json */ = {isa = PBXFileReference; fileEncoding = 4; lastKnownFileType = text.json; path = BasicMessage.json; sourceTree = "<group>"; };
		25F414451DAF82A600E6FE0B /* MessageCell.swift */ = {isa = PBXFileReference; fileEncoding = 4; lastKnownFileType = sourcecode.swift; path = MessageCell.swift; sourceTree = "<group>"; };
		25FF791C1D79524E0098F064 /* PictureCollectionView.swift */ = {isa = PBXFileReference; fileEncoding = 4; lastKnownFileType = sourcecode.swift; path = PictureCollectionView.swift; sourceTree = "<group>"; };
		25FF79221D7977F20098F064 /* PictureCell.swift */ = {isa = PBXFileReference; fileEncoding = 4; lastKnownFileType = sourcecode.swift; path = PictureCell.swift; sourceTree = "<group>"; };
		867D5D341D8D325200B5A41F /* PhotoPickerController.swift */ = {isa = PBXFileReference; fileEncoding = 4; lastKnownFileType = sourcecode.swift; path = PhotoPickerController.swift; sourceTree = "<group>"; };
		867D5D361D8D327D00B5A41F /* PhotoPickerCell.swift */ = {isa = PBXFileReference; fileEncoding = 4; lastKnownFileType = sourcecode.swift; path = PhotoPickerCell.swift; sourceTree = "<group>"; };
		86888FFF1D3D26E70038F753 /* CC微博.app */ = {isa = PBXFileReference; explicitFileType = wrapper.application; includeInIndex = 0; path = "CC微博.app"; sourceTree = BUILT_PRODUCTS_DIR; };
		868890021D3D26E70038F753 /* AppDelegate.swift */ = {isa = PBXFileReference; lastKnownFileType = sourcecode.swift; path = AppDelegate.swift; sourceTree = "<group>"; };
		868890091D3D26E70038F753 /* Assets.xcassets */ = {isa = PBXFileReference; lastKnownFileType = folder.assetcatalog; path = Assets.xcassets; sourceTree = "<group>"; };
		8688900E1D3D26E70038F753 /* Info.plist */ = {isa = PBXFileReference; lastKnownFileType = text.plist.xml; path = Info.plist; sourceTree = "<group>"; };
		86B5E9931D44FCF100A5D0F0 /* MainViewControllerSettings.json */ = {isa = PBXFileReference; fileEncoding = 4; lastKnownFileType = text.json; path = MainViewControllerSettings.json; sourceTree = "<group>"; };
		86B5E9971D44FD1200A5D0F0 /* NullViewController.swift */ = {isa = PBXFileReference; fileEncoding = 4; lastKnownFileType = sourcecode.swift; path = NullViewController.swift; sourceTree = "<group>"; };
		86C36E681DCA0E66006A6FEA /* AdViewController.swift */ = {isa = PBXFileReference; fileEncoding = 4; lastKnownFileType = sourcecode.swift; path = AdViewController.swift; sourceTree = "<group>"; };
		86C36E691DCA0E66006A6FEA /* BaseViewController.swift */ = {isa = PBXFileReference; fileEncoding = 4; lastKnownFileType = sourcecode.swift; path = BaseViewController.swift; sourceTree = "<group>"; };
		86C36E6A1DCA0E66006A6FEA /* WebViewController.swift */ = {isa = PBXFileReference; fileEncoding = 4; lastKnownFileType = sourcecode.swift; path = WebViewController.swift; sourceTree = "<group>"; };
		86C6568B1D7C187600BEDB17 /* BaseStatusCell.swift */ = {isa = PBXFileReference; fileEncoding = 4; lastKnownFileType = sourcecode.swift; path = BaseStatusCell.swift; sourceTree = "<group>"; };
		86C6568D1D7C187600BEDB17 /* RetweetStatusCell.swift */ = {isa = PBXFileReference; fileEncoding = 4; lastKnownFileType = sourcecode.swift; path = RetweetStatusCell.swift; sourceTree = "<group>"; };
		86C6568E1D7C187600BEDB17 /* WeiboStatusCell.swift */ = {isa = PBXFileReference; fileEncoding = 4; lastKnownFileType = sourcecode.swift; path = WeiboStatusCell.swift; sourceTree = "<group>"; };
		86C656941D7C193100BEDB17 /* ProgressView.swift */ = {isa = PBXFileReference; fileEncoding = 4; lastKnownFileType = sourcecode.swift; path = ProgressView.swift; sourceTree = "<group>"; };
		86C656961D7C195A00BEDB17 /* ProgressImageView.swift */ = {isa = PBXFileReference; fileEncoding = 4; lastKnownFileType = sourcecode.swift; path = ProgressImageView.swift; sourceTree = "<group>"; };
		86D112B41DB320EE009D7291 /* CommentCell.swift */ = {isa = PBXFileReference; fileEncoding = 4; lastKnownFileType = sourcecode.swift; path = CommentCell.swift; sourceTree = "<group>"; };
		86D700511D411C26003C65D7 /* MainViewController.swift */ = {isa = PBXFileReference; fileEncoding = 4; lastKnownFileType = sourcecode.swift; path = MainViewController.swift; sourceTree = "<group>"; };
		86D700531D411C48003C65D7 /* HomeViewController.swift */ = {isa = PBXFileReference; fileEncoding = 4; lastKnownFileType = sourcecode.swift; path = HomeViewController.swift; sourceTree = "<group>"; };
		86D700571D411C7C003C65D7 /* MessageViewController.swift */ = {isa = PBXFileReference; fileEncoding = 4; lastKnownFileType = sourcecode.swift; path = MessageViewController.swift; sourceTree = "<group>"; };
		ABCB858622B0C382EF7E306D /* Pods-CCWeiboAPP.release.xcconfig */ = {isa = PBXFileReference; includeInIndex = 1; lastKnownFileType = text.xcconfig; name = "Pods-CCWeiboAPP.release.xcconfig"; path = "Pods/Target Support Files/Pods-CCWeiboAPP/Pods-CCWeiboAPP.release.xcconfig"; sourceTree = "<group>"; };
		F70C364AD593EBEE2DD624DB /* Pods_CCWeiboAPP.framework */ = {isa = PBXFileReference; explicitFileType = wrapper.framework; includeInIndex = 0; path = Pods_CCWeiboAPP.framework; sourceTree = BUILT_PRODUCTS_DIR; };
/* End PBXFileReference section */

/* Begin PBXFrameworksBuildPhase section */
		86888FFC1D3D26E70038F753 /* Frameworks */ = {
			isa = PBXFrameworksBuildPhase;
			buildActionMask = 2147483647;
			files = (
				25558A12E5EE46A40170EA1B /* Pods_CCWeiboAPP.framework in Frameworks */,
			);
			runOnlyForDeploymentPostprocessing = 0;
		};
/* End PBXFrameworksBuildPhase section */

/* Begin PBXGroup section */
		250621CC1D5B00B1000B542B /* Popover */ = {
			isa = PBXGroup;
			children = (
				250621CF1D5B29D0000B542B /* PopoverPresentationController.swift */,
				250622821D5C0E9C000B542B /* PopoverPresentationManager.swift */,
				259C62E91D6D7A3F00884257 /* PopoverView.swift */,
				250621D01D5B29D0000B542B /* PopoverViewController.swift */,
			);
			name = Popover;
			sourceTree = "<group>";
		};
		250622861D5D61CD000B542B /* QRCode */ = {
			isa = PBXGroup;
			children = (
				25115FD91D62EBC800EAE3F9 /* QRCodeCreateController.swift */,
				25115FD51D62BB9800EAE3F9 /* QRCodeView.swift */,
				250622871D5D6201000B542B /* QRCodeViewController.swift */,
			);
			path = QRCode;
			sourceTree = "<group>";
		};
		252CA61F1D863E1B005042F5 /* EmoticonKeyboard */ = {
			isa = PBXGroup;
			children = (
				252CA6201D863E1B005042F5 /* EmoticonKeyboardCell.swift */,
				252CA6211D863E1B005042F5 /* EmoticonKeyboardController.swift */,
				252CA6231D863E1B005042F5 /* EmoticonManager.swift */,
				252CA6221D863E1B005042F5 /* EmoticonModel.swift */,
				25038C7F1DD5C8F800002B8E /* Emoticons.bundle */,
			);
			path = EmoticonKeyboard;
			sourceTree = "<group>";
		};
		255467F11D912B360060874A /* View */ = {
			isa = PBXGroup;
			children = (
				255467F21D912B360060874A /* KeyboardToolbar.swift */,
				255467F31D912B360060874A /* PlaceholderTextView.swift */,
				255467F41D912B360060874A /* TitleView.swift */,
			);
			path = View;
			sourceTree = "<group>";
		};
		2563009F1DA9ECCA00CD8994 /* Model */ = {
			isa = PBXGroup;
			children = (
				256300A01DA9ECCA00CD8994 /* ProfileGroup.swift */,
				256300A11DA9ECCA00CD8994 /* ProfileModel.swift */,
				25F414241DADE61800E6FE0B /* WeiboProfile.json */,
			);
			path = Model;
			sourceTree = "<group>";
		};
		256300A21DA9ECCA00CD8994 /* View */ = {
			isa = PBXGroup;
			children = (
				256300A61DA9ECFF00CD8994 /* PersonView.swift */,
			);
			path = View;
			sourceTree = "<group>";
		};
		257B0BA61D7D46B5003EBC91 /* Browser */ = {
			isa = PBXGroup;
			children = (
				257B0BA71D7D46B5003EBC91 /* BrowserCell.swift */,
				257B0BAB1D7D46FA003EBC91 /* BrowserPresentationController.swift */,
				257B0BA81D7D46B5003EBC91 /* BrowserViewController.swift */,
			);
			path = Browser;
			sourceTree = "<group>";
		};
		258D373D1DB5BD1600EE02C3 /* Setting */ = {
			isa = PBXGroup;
			children = (
				258D37401DB60E4F00EE02C3 /* SettingViewController.swift */,
			);
			path = Setting;
			sourceTree = "<group>";
		};
		259AEF4A1D8262E600C6C407 /* Compose */ = {
			isa = PBXGroup;
			children = (
				259AEF4B1D8262E600C6C407 /* ComposeViewController.swift */,
				252CA61F1D863E1B005042F5 /* EmoticonKeyboard */,
				867D5D331D8D325200B5A41F /* PhotoPicker */,
				255467F11D912B360060874A /* View */,
			);
			path = Compose;
			sourceTree = "<group>";
		};
		259C62EB1D6D7BE100884257 /* NewVersion */ = {
			isa = PBXGroup;
			children = (
				259C62EC1D6D7BE100884257 /* NewFeature */,
				259C62EF1D6D7BE100884257 /* Welcome */,
			);
			path = NewVersion;
			sourceTree = "<group>";
		};
		259C62EC1D6D7BE100884257 /* NewFeature */ = {
			isa = PBXGroup;
			children = (
				259C62ED1D6D7BE100884257 /* NewFeatureCell.swift */,
				259C62EE1D6D7BE100884257 /* NewFeatureViewController.swift */,
			);
			path = NewFeature;
			sourceTree = "<group>";
		};
		259C62EF1D6D7BE100884257 /* Welcome */ = {
			isa = PBXGroup;
			children = (
				259C62F01D6D7BE100884257 /* WelcomeView.swift */,
				259C62F11D6D7BE100884257 /* WelcomeViewController.swift */,
			);
			path = Welcome;
			sourceTree = "<group>";
		};
		25A0333F1D76DD8F00152FE5 /* Model */ = {
			isa = PBXGroup;
			children = (
				25A033401D76DD8F00152FE5 /* StatusModel.swift */,
				25A033411D76DD8F00152FE5 /* StatusViewModel.swift */,
				25A033421D76DD8F00152FE5 /* UserModel.swift */,
			);
			path = Model;
			sourceTree = "<group>";
		};
		25A0334D1D76DDCA00152FE5 /* View */ = {
			isa = PBXGroup;
			children = (
				25A0334E1D76DDCA00152FE5 /* TitleButton.swift */,
				25A0334F1D76DDCA00152FE5 /* VisitorView.swift */,
			);
			path = View;
			sourceTree = "<group>";
		};
		25D360051D655B8E004A45AA /* OAuth */ = {
			isa = PBXGroup;
			children = (
				25D360061D655BF8004A45AA /* OAuthViewController.swift */,
				25BE300A1D6A98D100947C4B /* UserAccount.swift */,
			);
			path = OAuth;
			sourceTree = "<group>";
		};
		25E9B6EF1DB0D86A00763016 /* Detail */ = {
			isa = PBXGroup;
			children = (
				86D112B41DB320EE009D7291 /* CommentCell.swift */,
				25E9B6F21DB0E18500763016 /* CommentModel.swift */,
				25E9B6F01DB0D88300763016 /* DetailViewController.swift */,
			);
			path = Detail;
			sourceTree = "<group>";
		};
		25F4142C1DAE2F2100E6FE0B /* Model */ = {
			isa = PBXGroup;
			children = (
				25F4143B1DAE410B00E6FE0B /* DiscoverTheme.json */,
				25F4143C1DAE410B00E6FE0B /* DiscoverTopic.json */,
			);
			path = Model;
			sourceTree = "<group>";
		};
		25F4142E1DAE2F2100E6FE0B /* View */ = {
			isa = PBXGroup;
			children = (
				25F414391DAE3F0E00E6FE0B /* DiscoverHeaderView.swift */,
				25F4142F1DAE2F2100E6FE0B /* ThemeButton.swift */,
				25F414301DAE2F2100E6FE0B /* ThemeCell.swift */,
				25F4143F1DAE41DD00E6FE0B /* TopicCell.swift */,
			);
			path = View;
			sourceTree = "<group>";
		};
		25FF791B1D79524E0098F064 /* Picture */ = {
			isa = PBXGroup;
			children = (
				25FF79221D7977F20098F064 /* PictureCell.swift */,
				25FF791C1D79524E0098F064 /* PictureCollectionView.swift */,
			);
			path = Picture;
			sourceTree = "<group>";
		};
		353BCE2E6BA7F77CFC06DB11 /* Pods */ = {
			isa = PBXGroup;
			children = (
				1F0B12A120BC1E947C656F13 /* Pods-CCWeiboAPP.debug.xcconfig */,
				ABCB858622B0C382EF7E306D /* Pods-CCWeiboAPP.release.xcconfig */,
			);
			name = Pods;
			sourceTree = "<group>";
		};
		867D5D331D8D325200B5A41F /* PhotoPicker */ = {
			isa = PBXGroup;
			children = (
				867D5D361D8D327D00B5A41F /* PhotoPickerCell.swift */,
				867D5D341D8D325200B5A41F /* PhotoPickerController.swift */,
			);
			path = PhotoPicker;
			sourceTree = "<group>";
		};
		86888FF61D3D26E70038F753 = {
			isa = PBXGroup;
			children = (
				868890011D3D26E70038F753 /* CCWeiboAPP */,
				868890001D3D26E70038F753 /* Products */,
				353BCE2E6BA7F77CFC06DB11 /* Pods */,
				B81B6446938BDD478E2EE780 /* Frameworks */,
			);
			sourceTree = "<group>";
		};
		868890001D3D26E70038F753 /* Products */ = {
			isa = PBXGroup;
			children = (
				86888FFF1D3D26E70038F753 /* CC微博.app */,
			);
			name = Products;
			sourceTree = "<group>";
		};
		868890011D3D26E70038F753 /* CCWeiboAPP */ = {
			isa = PBXGroup;
			children = (
				255E13471DC8388A00ECFF26 /* CC微博.entitlements */,
				868890021D3D26E70038F753 /* AppDelegate.swift */,
				25D360091D66A6EB004A45AA /* CCWeiboAPP-Bridging-Header.h */,
				25A129971D7FB4230031570C /* Color.swift */,
				252EEAFF1D66E9F100AC064D /* Const.swift */,
				252EEB001D66E9F100AC064D /* Extension.swift */,
				25A0333D1D76DB9300152FE5 /* NetworkingUtil.swift */,
				86D700491D411B79003C65D7 /* Classes */,
				868890091D3D26E70038F753 /* Assets.xcassets */,
				8688900E1D3D26E70038F753 /* Info.plist */,
			);
			path = CCWeiboAPP;
			sourceTree = "<group>";
		};
		86B5E9921D44FCF100A5D0F0 /* Resource */ = {
			isa = PBXGroup;
			children = (
				86B5E9931D44FCF100A5D0F0 /* MainViewControllerSettings.json */,
				86B5E9971D44FD1200A5D0F0 /* NullViewController.swift */,
			);
			path = Resource;
			sourceTree = "<group>";
		};
		86C36E671DCA0E66006A6FEA /* Controller */ = {
			isa = PBXGroup;
			children = (
				86C36E681DCA0E66006A6FEA /* AdViewController.swift */,
				86C36E691DCA0E66006A6FEA /* BaseViewController.swift */,
				86C36E6A1DCA0E66006A6FEA /* WebViewController.swift */,
			);
			path = Controller;
			sourceTree = "<group>";
		};
		86C6568A1D7C187600BEDB17 /* Status */ = {
			isa = PBXGroup;
			children = (
				86C6568B1D7C187600BEDB17 /* BaseStatusCell.swift */,
				86C6568D1D7C187600BEDB17 /* RetweetStatusCell.swift */,
				86C6568E1D7C187600BEDB17 /* WeiboStatusCell.swift */,
			);
			path = Status;
			sourceTree = "<group>";
		};
		86C656931D7C193100BEDB17 /* Progress */ = {
			isa = PBXGroup;
			children = (
				86C656961D7C195A00BEDB17 /* ProgressImageView.swift */,
				86C656941D7C193100BEDB17 /* ProgressView.swift */,
			);
			path = Progress;
			sourceTree = "<group>";
		};
		86D700491D411B79003C65D7 /* Classes */ = {
			isa = PBXGroup;
			children = (
				259AEF4A1D8262E600C6C407 /* Compose */,
				86D7004B1D411B79003C65D7 /* Discover */,
				86D7004C1D411B79003C65D7 /* Home */,
				86D7004D1D411B79003C65D7 /* Main */,
				86D7004E1D411B79003C65D7 /* Message */,
				259C62EB1D6D7BE100884257 /* NewVersion */,
				25D360051D655B8E004A45AA /* OAuth */,
				86D7004F1D411B79003C65D7 /* Profile */,
			);
			path = Classes;
			sourceTree = "<group>";
		};
		86D7004B1D411B79003C65D7 /* Discover */ = {
			isa = PBXGroup;
			children = (
				25F414351DAE2F3C00E6FE0B /* DiscoverViewController.swift */,
				25F4142C1DAE2F2100E6FE0B /* Model */,
				25F4142E1DAE2F2100E6FE0B /* View */,
			);
			path = Discover;
			sourceTree = "<group>";
		};
		86D7004C1D411B79003C65D7 /* Home */ = {
			isa = PBXGroup;
			children = (
				86D700531D411C48003C65D7 /* HomeViewController.swift */,
				257B0BA61D7D46B5003EBC91 /* Browser */,
				25E9B6EF1DB0D86A00763016 /* Detail */,
				25A0333F1D76DD8F00152FE5 /* Model */,
				25FF791B1D79524E0098F064 /* Picture */,
				250621CC1D5B00B1000B542B /* Popover */,
				86C656931D7C193100BEDB17 /* Progress */,
				250622861D5D61CD000B542B /* QRCode */,
				86C6568A1D7C187600BEDB17 /* Status */,
			);
			path = Home;
			sourceTree = "<group>";
		};
		86D7004D1D411B79003C65D7 /* Main */ = {
			isa = PBXGroup;
			children = (
				86D700511D411C26003C65D7 /* MainViewController.swift */,
				86C36E671DCA0E66006A6FEA /* Controller */,
				86B5E9921D44FCF100A5D0F0 /* Resource */,
				25A0334D1D76DDCA00152FE5 /* View */,
			);
			path = Main;
			sourceTree = "<group>";
		};
		86D7004E1D411B79003C65D7 /* Message */ = {
			isa = PBXGroup;
			children = (
				25F414411DAF765C00E6FE0B /* BasicMessage.json */,
				25F414451DAF82A600E6FE0B /* MessageCell.swift */,
				86D700571D411C7C003C65D7 /* MessageViewController.swift */,
			);
			path = Message;
			sourceTree = "<group>";
		};
		86D7004F1D411B79003C65D7 /* Profile */ = {
			isa = PBXGroup;
			children = (
				25F414371DAE2F5000E6FE0B /* ProfileViewController.swift */,
				2563009F1DA9ECCA00CD8994 /* Model */,
				258D373D1DB5BD1600EE02C3 /* Setting */,
				256300A21DA9ECCA00CD8994 /* View */,
			);
			path = Profile;
			sourceTree = "<group>";
		};
		B81B6446938BDD478E2EE780 /* Frameworks */ = {
			isa = PBXGroup;
			children = (
				F70C364AD593EBEE2DD624DB /* Pods_CCWeiboAPP.framework */,
			);
			name = Frameworks;
			sourceTree = "<group>";
		};
/* End PBXGroup section */

/* Begin PBXNativeTarget section */
		86888FFE1D3D26E70038F753 /* CCWeiboAPP */ = {
			isa = PBXNativeTarget;
			buildConfigurationList = 868890111D3D26E70038F753 /* Build configuration list for PBXNativeTarget "CCWeiboAPP" */;
			buildPhases = (
				84CE099193AA3E045FF3AFE1 /* [CP] Check Pods Manifest.lock */,
				86888FFB1D3D26E70038F753 /* Sources */,
				86888FFC1D3D26E70038F753 /* Frameworks */,
				86888FFD1D3D26E70038F753 /* Resources */,
				9F8E02560D4F1BFA5EDA0740 /* [CP] Embed Pods Frameworks */,
				75992258412E51163B6C8917 /* [CP] Copy Pods Resources */,
			);
			buildRules = (
			);
			dependencies = (
			);
			name = CCWeiboAPP;
			productName = CCWeiboAPP;
			productReference = 86888FFF1D3D26E70038F753 /* CC微博.app */;
			productType = "com.apple.product-type.application";
		};
/* End PBXNativeTarget section */

/* Begin PBXProject section */
		86888FF71D3D26E70038F753 /* Project object */ = {
			isa = PBXProject;
			attributes = {
				LastSwiftUpdateCheck = 0730;
				LastUpgradeCheck = 0810;
				ORGANIZATIONNAME = "Chen Chen";
				TargetAttributes = {
					86888FFE1D3D26E70038F753 = {
						CreatedOnToolsVersion = 7.3.1;
						DevelopmentTeam = U4A6RHW364;
						LastSwiftMigration = 0800;
						SystemCapabilities = {
							com.apple.BackgroundModes = {
								enabled = 1;
							};
							com.apple.Keychain = {
								enabled = 1;
							};
							com.apple.Push = {
								enabled = 1;
							};
						};
					};
				};
			};
			buildConfigurationList = 86888FFA1D3D26E70038F753 /* Build configuration list for PBXProject "CCWeiboAPP" */;
			compatibilityVersion = "Xcode 3.2";
			developmentRegion = English;
			hasScannedForEncodings = 0;
			knownRegions = (
				en,
				Base,
			);
			mainGroup = 86888FF61D3D26E70038F753;
			productRefGroup = 868890001D3D26E70038F753 /* Products */;
			projectDirPath = "";
			projectRoot = "";
			targets = (
				86888FFE1D3D26E70038F753 /* CCWeiboAPP */,
			);
		};
/* End PBXProject section */

/* Begin PBXResourcesBuildPhase section */
		86888FFD1D3D26E70038F753 /* Resources */ = {
			isa = PBXResourcesBuildPhase;
			buildActionMask = 2147483647;
			files = (
				25F414421DAF765C00E6FE0B /* BasicMessage.json in Resources */,
				25038C801DD5C8F800002B8E /* Emoticons.bundle in Resources */,
				25F4143E1DAE410B00E6FE0B /* DiscoverTopic.json in Resources */,
				25F414251DADE61800E6FE0B /* WeiboProfile.json in Resources */,
				25F4143D1DAE410B00E6FE0B /* DiscoverTheme.json in Resources */,
				8688900A1D3D26E70038F753 /* Assets.xcassets in Resources */,
				86B5E9951D44FCF100A5D0F0 /* MainViewControllerSettings.json in Resources */,
			);
			runOnlyForDeploymentPostprocessing = 0;
		};
/* End PBXResourcesBuildPhase section */

/* Begin PBXShellScriptBuildPhase section */
		75992258412E51163B6C8917 /* [CP] Copy Pods Resources */ = {
			isa = PBXShellScriptBuildPhase;
			buildActionMask = 2147483647;
			files = (
			);
			inputPaths = (
			);
			name = "[CP] Copy Pods Resources";
			outputPaths = (
			);
			runOnlyForDeploymentPostprocessing = 0;
			shellPath = /bin/sh;
			shellScript = "\"${SRCROOT}/Pods/Target Support Files/Pods-CCWeiboAPP/Pods-CCWeiboAPP-resources.sh\"\n";
			showEnvVarsInLog = 0;
		};
		84CE099193AA3E045FF3AFE1 /* [CP] Check Pods Manifest.lock */ = {
			isa = PBXShellScriptBuildPhase;
			buildActionMask = 2147483647;
			files = (
			);
			inputPaths = (
			);
			name = "[CP] Check Pods Manifest.lock";
			outputPaths = (
			);
			runOnlyForDeploymentPostprocessing = 0;
			shellPath = /bin/sh;
			shellScript = "diff \"${PODS_ROOT}/../Podfile.lock\" \"${PODS_ROOT}/Manifest.lock\" > /dev/null\nif [ $? != 0 ] ; then\n    # print error to STDERR\n    echo \"error: The sandbox is not in sync with the Podfile.lock. Run 'pod install' or update your CocoaPods installation.\" >&2\n    exit 1\nfi\n";
			showEnvVarsInLog = 0;
		};
		9F8E02560D4F1BFA5EDA0740 /* [CP] Embed Pods Frameworks */ = {
			isa = PBXShellScriptBuildPhase;
			buildActionMask = 2147483647;
			files = (
			);
			inputPaths = (
			);
			name = "[CP] Embed Pods Frameworks";
			outputPaths = (
			);
			runOnlyForDeploymentPostprocessing = 0;
			shellPath = /bin/sh;
			shellScript = "\"${SRCROOT}/Pods/Target Support Files/Pods-CCWeiboAPP/Pods-CCWeiboAPP-frameworks.sh\"\n";
			showEnvVarsInLog = 0;
		};
/* End PBXShellScriptBuildPhase section */

/* Begin PBXSourcesBuildPhase section */
		86888FFB1D3D26E70038F753 /* Sources */ = {
			isa = PBXSourcesBuildPhase;
			buildActionMask = 2147483647;
			files = (
				86C36E6C1DCA0E66006A6FEA /* BaseViewController.swift in Sources */,
				86C36E6D1DCA0E66006A6FEA /* WebViewController.swift in Sources */,
				256300A41DA9ECCA00CD8994 /* ProfileGroup.swift in Sources */,
				25F414401DAE41DD00E6FE0B /* TopicCell.swift in Sources */,
				250622831D5C0E9C000B542B /* PopoverPresentationManager.swift in Sources */,
				86C656921D7C187600BEDB17 /* WeiboStatusCell.swift in Sources */,
				259C62F41D6D7BE100884257 /* WelcomeView.swift in Sources */,
				25A033491D76DD8F00152FE5 /* UserModel.swift in Sources */,
				25A033501D76DDCA00152FE5 /* TitleButton.swift in Sources */,
				259C62F31D6D7BE100884257 /* NewFeatureViewController.swift in Sources */,
				25E9B6F31DB0E18500763016 /* CommentModel.swift in Sources */,
				25F414381DAE2F5000E6FE0B /* ProfileViewController.swift in Sources */,
				257B0BA91D7D46B5003EBC91 /* BrowserCell.swift in Sources */,
				252CA6261D863E1B005042F5 /* EmoticonKeyboardController.swift in Sources */,
				25115FDA1D62EBC800EAE3F9 /* QRCodeCreateController.swift in Sources */,
				259C62EA1D6D7A3F00884257 /* PopoverView.swift in Sources */,
				255467F61D912B360060874A /* PlaceholderTextView.swift in Sources */,
				256300A51DA9ECCA00CD8994 /* ProfileModel.swift in Sources */,
				250622881D5D6201000B542B /* QRCodeViewController.swift in Sources */,
				25D360071D655BF8004A45AA /* OAuthViewController.swift in Sources */,
				258D37411DB60E4F00EE02C3 /* SettingViewController.swift in Sources */,
				25F4143A1DAE3F0E00E6FE0B /* DiscoverHeaderView.swift in Sources */,
				86C36E6B1DCA0E66006A6FEA /* AdViewController.swift in Sources */,
				25A033481D76DD8F00152FE5 /* StatusViewModel.swift in Sources */,
				252CA6271D863E1B005042F5 /* EmoticonModel.swift in Sources */,
				250621D21D5B29D0000B542B /* PopoverViewController.swift in Sources */,
				86B5E9981D44FD1200A5D0F0 /* NullViewController.swift in Sources */,
				259C62F51D6D7BE100884257 /* WelcomeViewController.swift in Sources */,
				255467F71D912B360060874A /* TitleView.swift in Sources */,
				86D700541D411C48003C65D7 /* HomeViewController.swift in Sources */,
				86C6568F1D7C187600BEDB17 /* BaseStatusCell.swift in Sources */,
				25E9B6F11DB0D88300763016 /* DetailViewController.swift in Sources */,
				257B0BAC1D7D46FA003EBC91 /* BrowserPresentationController.swift in Sources */,
				25F414361DAE2F3C00E6FE0B /* DiscoverViewController.swift in Sources */,
				25A129981D7FB4230031570C /* Color.swift in Sources */,
				250621D11D5B29D0000B542B /* PopoverPresentationController.swift in Sources */,
				25A033471D76DD8F00152FE5 /* StatusModel.swift in Sources */,
				25A033511D76DDCA00152FE5 /* VisitorView.swift in Sources */,
				868890031D3D26E70038F753 /* AppDelegate.swift in Sources */,
				25F414341DAE2F2100E6FE0B /* ThemeCell.swift in Sources */,
				25A0333E1D76DB9300152FE5 /* NetworkingUtil.swift in Sources */,
				259C62F21D6D7BE100884257 /* NewFeatureCell.swift in Sources */,
				86D700581D411C7C003C65D7 /* MessageViewController.swift in Sources */,
				25F414331DAE2F2100E6FE0B /* ThemeButton.swift in Sources */,
				25FF791D1D79524E0098F064 /* PictureCollectionView.swift in Sources */,
				86C656911D7C187600BEDB17 /* RetweetStatusCell.swift in Sources */,
				867D5D371D8D327D00B5A41F /* PhotoPickerCell.swift in Sources */,
				867D5D351D8D325200B5A41F /* PhotoPickerController.swift in Sources */,
				252EEB021D66E9F100AC064D /* Extension.swift in Sources */,
				25115FD61D62BB9800EAE3F9 /* QRCodeView.swift in Sources */,
				86C656971D7C195A00BEDB17 /* ProgressImageView.swift in Sources */,
				255467F51D912B360060874A /* KeyboardToolbar.swift in Sources */,
				25FF79231D7977F20098F064 /* PictureCell.swift in Sources */,
				252CA6281D863E1B005042F5 /* EmoticonManager.swift in Sources */,
				256300A71DA9ECFF00CD8994 /* PersonView.swift in Sources */,
				86D700521D411C26003C65D7 /* MainViewController.swift in Sources */,
				259AEF4E1D8262E600C6C407 /* ComposeViewController.swift in Sources */,
				252EEB011D66E9F100AC064D /* Const.swift in Sources */,
				257B0BAA1D7D46B5003EBC91 /* BrowserViewController.swift in Sources */,
				25F414461DAF82A600E6FE0B /* MessageCell.swift in Sources */,
				86D112B51DB320EE009D7291 /* CommentCell.swift in Sources */,
				86C656951D7C193100BEDB17 /* ProgressView.swift in Sources */,
				25BE300B1D6A98D100947C4B /* UserAccount.swift in Sources */,
				252CA6251D863E1B005042F5 /* EmoticonKeyboardCell.swift in Sources */,
			);
			runOnlyForDeploymentPostprocessing = 0;
		};
/* End PBXSourcesBuildPhase section */

/* Begin XCBuildConfiguration section */
		8688900F1D3D26E70038F753 /* Debug */ = {
			isa = XCBuildConfiguration;
			buildSettings = {
				ALWAYS_SEARCH_USER_PATHS = NO;
				CLANG_ANALYZER_LOCALIZABILITY_NONLOCALIZED = YES;
				CLANG_ANALYZER_NONNULL = YES;
				CLANG_CXX_LANGUAGE_STANDARD = "gnu++0x";
				CLANG_CXX_LIBRARY = "libc++";
				CLANG_ENABLE_MODULES = YES;
				CLANG_ENABLE_OBJC_ARC = YES;
				CLANG_WARN_BOOL_CONVERSION = YES;
				CLANG_WARN_CONSTANT_CONVERSION = YES;
				CLANG_WARN_DIRECT_OBJC_ISA_USAGE = YES_ERROR;
				CLANG_WARN_EMPTY_BODY = YES;
				CLANG_WARN_ENUM_CONVERSION = YES;
				CLANG_WARN_INFINITE_RECURSION = YES;
				CLANG_WARN_INT_CONVERSION = YES;
				CLANG_WARN_OBJC_ROOT_CLASS = YES_ERROR;
				CLANG_WARN_SUSPICIOUS_MOVE = YES;
				CLANG_WARN_UNREACHABLE_CODE = YES;
				CLANG_WARN__DUPLICATE_METHOD_MATCH = YES;
				"CODE_SIGN_IDENTITY[sdk=iphoneos*]" = "iPhone Developer";
				COPY_PHASE_STRIP = NO;
				DEBUG_INFORMATION_FORMAT = dwarf;
				ENABLE_STRICT_OBJC_MSGSEND = YES;
				ENABLE_TESTABILITY = YES;
				GCC_C_LANGUAGE_STANDARD = gnu99;
				GCC_DYNAMIC_NO_PIC = NO;
				GCC_NO_COMMON_BLOCKS = YES;
				GCC_OPTIMIZATION_LEVEL = 0;
				GCC_PREPROCESSOR_DEFINITIONS = (
					"DEBUG=1",
					"$(inherited)",
				);
				GCC_WARN_64_TO_32_BIT_CONVERSION = YES;
				GCC_WARN_ABOUT_RETURN_TYPE = YES_ERROR;
				GCC_WARN_UNDECLARED_SELECTOR = YES;
				GCC_WARN_UNINITIALIZED_AUTOS = YES_AGGRESSIVE;
				GCC_WARN_UNUSED_FUNCTION = YES;
				GCC_WARN_UNUSED_VARIABLE = YES;
				IPHONEOS_DEPLOYMENT_TARGET = 9.0;
				MTL_ENABLE_DEBUG_INFO = YES;
				NEW_SETTING = "";
				ONLY_ACTIVE_ARCH = YES;
				SDKROOT = iphoneos;
				SWIFT_OPTIMIZATION_LEVEL = "-Onone";
				SWIFT_VERSION = 2.3;
			};
			name = Debug;
		};
		868890101D3D26E70038F753 /* Release */ = {
			isa = XCBuildConfiguration;
			buildSettings = {
				ALWAYS_SEARCH_USER_PATHS = NO;
				CLANG_ANALYZER_LOCALIZABILITY_NONLOCALIZED = YES;
				CLANG_ANALYZER_NONNULL = YES;
				CLANG_CXX_LANGUAGE_STANDARD = "gnu++0x";
				CLANG_CXX_LIBRARY = "libc++";
				CLANG_ENABLE_MODULES = YES;
				CLANG_ENABLE_OBJC_ARC = YES;
				CLANG_WARN_BOOL_CONVERSION = YES;
				CLANG_WARN_CONSTANT_CONVERSION = YES;
				CLANG_WARN_DIRECT_OBJC_ISA_USAGE = YES_ERROR;
				CLANG_WARN_EMPTY_BODY = YES;
				CLANG_WARN_ENUM_CONVERSION = YES;
				CLANG_WARN_INFINITE_RECURSION = YES;
				CLANG_WARN_INT_CONVERSION = YES;
				CLANG_WARN_OBJC_ROOT_CLASS = YES_ERROR;
				CLANG_WARN_SUSPICIOUS_MOVE = YES;
				CLANG_WARN_UNREACHABLE_CODE = YES;
				CLANG_WARN__DUPLICATE_METHOD_MATCH = YES;
				"CODE_SIGN_IDENTITY[sdk=iphoneos*]" = "iPhone Developer";
				COPY_PHASE_STRIP = NO;
				DEBUG_INFORMATION_FORMAT = "dwarf-with-dsym";
				ENABLE_NS_ASSERTIONS = NO;
				ENABLE_STRICT_OBJC_MSGSEND = YES;
				GCC_C_LANGUAGE_STANDARD = gnu99;
				GCC_NO_COMMON_BLOCKS = YES;
				GCC_WARN_64_TO_32_BIT_CONVERSION = YES;
				GCC_WARN_ABOUT_RETURN_TYPE = YES_ERROR;
				GCC_WARN_UNDECLARED_SELECTOR = YES;
				GCC_WARN_UNINITIALIZED_AUTOS = YES_AGGRESSIVE;
				GCC_WARN_UNUSED_FUNCTION = YES;
				GCC_WARN_UNUSED_VARIABLE = YES;
				IPHONEOS_DEPLOYMENT_TARGET = 9.0;
				MTL_ENABLE_DEBUG_INFO = NO;
				NEW_SETTING = "";
				SDKROOT = iphoneos;
				SWIFT_OPTIMIZATION_LEVEL = "-Owholemodule";
				SWIFT_VERSION = 2.3;
				VALIDATE_PRODUCT = YES;
			};
			name = Release;
		};
		868890121D3D26E70038F753 /* Debug */ = {
			isa = XCBuildConfiguration;
			baseConfigurationReference = 1F0B12A120BC1E947C656F13 /* Pods-CCWeiboAPP.debug.xcconfig */;
			buildSettings = {
				ALWAYS_EMBED_SWIFT_STANDARD_LIBRARIES = YES;
				ASSETCATALOG_COMPILER_APPICON_NAME = AppIcon;
				ASSETCATALOG_COMPILER_LAUNCHIMAGE_NAME = LaunchImage;
				CODE_SIGN_ENTITLEMENTS = "CCWeiboAPP/CC微博.entitlements";
				CODE_SIGN_IDENTITY = "iPhone Developer";
				"CODE_SIGN_IDENTITY[sdk=iphoneos*]" = "iPhone Developer";
				DEVELOPMENT_TEAM = U4A6RHW364;
				INFOPLIST_FILE = CCWeiboAPP/Info.plist;
				IPHONEOS_DEPLOYMENT_TARGET = 8.3;
				LD_RUNPATH_SEARCH_PATHS = "$(inherited) @executable_path/Frameworks";
				PRODUCT_BUNDLE_IDENTIFIER = com.chenchen.CCWeiboAPP;
				PRODUCT_NAME = "CC微博";
				PROVISIONING_PROFILE = "";
				SWIFT_OBJC_BRIDGING_HEADER = "CCWeiboAPP/CCWeiboAPP-Bridging-Header.h";
				SWIFT_VERSION = 2.3;
			};
			name = Debug;
		};
		868890131D3D26E70038F753 /* Release */ = {
			isa = XCBuildConfiguration;
			baseConfigurationReference = ABCB858622B0C382EF7E306D /* Pods-CCWeiboAPP.release.xcconfig */;
			buildSettings = {
				ALWAYS_EMBED_SWIFT_STANDARD_LIBRARIES = YES;
				ASSETCATALOG_COMPILER_APPICON_NAME = AppIcon;
				ASSETCATALOG_COMPILER_LAUNCHIMAGE_NAME = LaunchImage;
				CODE_SIGN_ENTITLEMENTS = "CCWeiboAPP/CC微博.entitlements";
				CODE_SIGN_IDENTITY = "iPhone Developer";
				"CODE_SIGN_IDENTITY[sdk=iphoneos*]" = "iPhone Developer";
				DEVELOPMENT_TEAM = U4A6RHW364;
				INFOPLIST_FILE = CCWeiboAPP/Info.plist;
				IPHONEOS_DEPLOYMENT_TARGET = 8.3;
				LD_RUNPATH_SEARCH_PATHS = "$(inherited) @executable_path/Frameworks";
				PRODUCT_BUNDLE_IDENTIFIER = com.chenchen.CCWeiboAPP;
				PRODUCT_NAME = "CC微博";
				PROVISIONING_PROFILE = "";
				SWIFT_OBJC_BRIDGING_HEADER = "CCWeiboAPP/CCWeiboAPP-Bridging-Header.h";
				SWIFT_VERSION = 2.3;
			};
			name = Release;
		};
/* End XCBuildConfiguration section */

/* Begin XCConfigurationList section */
		86888FFA1D3D26E70038F753 /* Build configuration list for PBXProject "CCWeiboAPP" */ = {
			isa = XCConfigurationList;
			buildConfigurations = (
				8688900F1D3D26E70038F753 /* Debug */,
				868890101D3D26E70038F753 /* Release */,
			);
			defaultConfigurationIsVisible = 0;
			defaultConfigurationName = Release;
		};
		868890111D3D26E70038F753 /* Build configuration list for PBXNativeTarget "CCWeiboAPP" */ = {
			isa = XCConfigurationList;
			buildConfigurations = (
				868890121D3D26E70038F753 /* Debug */,
				868890131D3D26E70038F753 /* Release */,
			);
			defaultConfigurationIsVisible = 0;
			defaultConfigurationName = Release;
		};
/* End XCConfigurationList section */
	};
	rootObject = 86888FF71D3D26E70038F753 /* Project object */;
}
