// !$*UTF8*$!
{
	archiveVersion = 1;
	classes = {
	};
	objectVersion = 46;
	objects = {

/* Begin PBXBuildFile section */
		25558A12E5EE46A40170EA1B /* Pods_CCWeiboAPP.framework in Frameworks */ = {isa = PBXBuildFile; fileRef = F70C364AD593EBEE2DD624DB /* Pods_CCWeiboAPP.framework */; };
		868890031D3D26E70038F753 /* AppDelegate.swift in Sources */ = {isa = PBXBuildFile; fileRef = 868890021D3D26E70038F753 /* AppDelegate.swift */; };
		8688900A1D3D26E70038F753 /* Assets.xcassets in Resources */ = {isa = PBXBuildFile; fileRef = 868890091D3D26E70038F753 /* Assets.xcassets */; };
		8688900D1D3D26E70038F753 /* LaunchScreen.storyboard in Resources */ = {isa = PBXBuildFile; fileRef = 8688900B1D3D26E70038F753 /* LaunchScreen.storyboard */; };
		86B5E9951D44FCF100A5D0F0 /* MainViewControllerSettings.json in Resources */ = {isa = PBXBuildFile; fileRef = 86B5E9931D44FCF100A5D0F0 /* MainViewControllerSettings.json */; };
		86B5E9981D44FD1200A5D0F0 /* NullTableViewController.swift in Sources */ = {isa = PBXBuildFile; fileRef = 86B5E9971D44FD1200A5D0F0 /* NullTableViewController.swift */; };
		86D700521D411C26003C65D7 /* MainViewController.swift in Sources */ = {isa = PBXBuildFile; fileRef = 86D700511D411C26003C65D7 /* MainViewController.swift */; };
		86D700541D411C48003C65D7 /* HomeTableViewController.swift in Sources */ = {isa = PBXBuildFile; fileRef = 86D700531D411C48003C65D7 /* HomeTableViewController.swift */; };
		86D700561D411C73003C65D7 /* DiscoverTableViewController.swift in Sources */ = {isa = PBXBuildFile; fileRef = 86D700551D411C73003C65D7 /* DiscoverTableViewController.swift */; };
		86D700581D411C7C003C65D7 /* MessageTableViewController.swift in Sources */ = {isa = PBXBuildFile; fileRef = 86D700571D411C7C003C65D7 /* MessageTableViewController.swift */; };
		86D7005A1D411C85003C65D7 /* ProfileTableViewController.swift in Sources */ = {isa = PBXBuildFile; fileRef = 86D700591D411C85003C65D7 /* ProfileTableViewController.swift */; };
		86E15E891D47AE810006CCC4 /* BaseTableViewController.swift in Sources */ = {isa = PBXBuildFile; fileRef = 86E15E881D47AE810006CCC4 /* BaseTableViewController.swift */; };
		86E15E8B1D47AECD0006CCC4 /* VisitorView.swift in Sources */ = {isa = PBXBuildFile; fileRef = 86E15E8A1D47AECD0006CCC4 /* VisitorView.swift */; };
		86E3ABC71D46628C006F63B4 /* Extension.swift in Sources */ = {isa = PBXBuildFile; fileRef = 86E3ABC61D46628C006F63B4 /* Extension.swift */; };
/* End PBXBuildFile section */

/* Begin PBXFileReference section */
		1F0B12A120BC1E947C656F13 /* Pods-CCWeiboAPP.debug.xcconfig */ = {isa = PBXFileReference; includeInIndex = 1; lastKnownFileType = text.xcconfig; name = "Pods-CCWeiboAPP.debug.xcconfig"; path = "Pods/Target Support Files/Pods-CCWeiboAPP/Pods-CCWeiboAPP.debug.xcconfig"; sourceTree = "<group>"; };
		86888FFF1D3D26E70038F753 /* CC微博.app */ = {isa = PBXFileReference; explicitFileType = wrapper.application; includeInIndex = 0; path = "CC微博.app"; sourceTree = BUILT_PRODUCTS_DIR; };
		868890021D3D26E70038F753 /* AppDelegate.swift */ = {isa = PBXFileReference; lastKnownFileType = sourcecode.swift; path = AppDelegate.swift; sourceTree = "<group>"; };
		868890091D3D26E70038F753 /* Assets.xcassets */ = {isa = PBXFileReference; lastKnownFileType = folder.assetcatalog; path = Assets.xcassets; sourceTree = "<group>"; };
		8688900C1D3D26E70038F753 /* Base */ = {isa = PBXFileReference; lastKnownFileType = file.storyboard; name = Base; path = Base.lproj/LaunchScreen.storyboard; sourceTree = "<group>"; };
		8688900E1D3D26E70038F753 /* Info.plist */ = {isa = PBXFileReference; lastKnownFileType = text.plist.xml; path = Info.plist; sourceTree = "<group>"; };
		86B5E9931D44FCF100A5D0F0 /* MainViewControllerSettings.json */ = {isa = PBXFileReference; fileEncoding = 4; lastKnownFileType = text.json; path = MainViewControllerSettings.json; sourceTree = "<group>"; };
		86B5E9971D44FD1200A5D0F0 /* NullTableViewController.swift */ = {isa = PBXFileReference; fileEncoding = 4; lastKnownFileType = sourcecode.swift; path = NullTableViewController.swift; sourceTree = "<group>"; };
		86D700511D411C26003C65D7 /* MainViewController.swift */ = {isa = PBXFileReference; fileEncoding = 4; lastKnownFileType = sourcecode.swift; path = MainViewController.swift; sourceTree = "<group>"; };
		86D700531D411C48003C65D7 /* HomeTableViewController.swift */ = {isa = PBXFileReference; fileEncoding = 4; lastKnownFileType = sourcecode.swift; path = HomeTableViewController.swift; sourceTree = "<group>"; };
		86D700551D411C73003C65D7 /* DiscoverTableViewController.swift */ = {isa = PBXFileReference; fileEncoding = 4; lastKnownFileType = sourcecode.swift; path = DiscoverTableViewController.swift; sourceTree = "<group>"; };
		86D700571D411C7C003C65D7 /* MessageTableViewController.swift */ = {isa = PBXFileReference; fileEncoding = 4; lastKnownFileType = sourcecode.swift; path = MessageTableViewController.swift; sourceTree = "<group>"; };
		86D700591D411C85003C65D7 /* ProfileTableViewController.swift */ = {isa = PBXFileReference; fileEncoding = 4; lastKnownFileType = sourcecode.swift; path = ProfileTableViewController.swift; sourceTree = "<group>"; };
		86E15E881D47AE810006CCC4 /* BaseTableViewController.swift */ = {isa = PBXFileReference; fileEncoding = 4; lastKnownFileType = sourcecode.swift; path = BaseTableViewController.swift; sourceTree = "<group>"; };
		86E15E8A1D47AECD0006CCC4 /* VisitorView.swift */ = {isa = PBXFileReference; fileEncoding = 4; lastKnownFileType = sourcecode.swift; path = VisitorView.swift; sourceTree = "<group>"; };
		86E3ABC61D46628C006F63B4 /* Extension.swift */ = {isa = PBXFileReference; fileEncoding = 4; lastKnownFileType = sourcecode.swift; path = Extension.swift; sourceTree = "<group>"; };
		ABCB858622B0C382EF7E306D /* Pods-CCWeiboAPP.release.xcconfig */ = {isa = PBXFileReference; includeInIndex = 1; lastKnownFileType = text.xcconfig; name = "Pods-CCWeiboAPP.release.xcconfig"; path = "Pods/Target Support Files/Pods-CCWeiboAPP/Pods-CCWeiboAPP.release.xcconfig"; sourceTree = "<group>"; };
		F70C364AD593EBEE2DD624DB /* Pods_CCWeiboAPP.framework */ = {isa = PBXFileReference; explicitFileType = wrapper.framework; includeInIndex = 0; path = Pods_CCWeiboAPP.framework; sourceTree = BUILT_PRODUCTS_DIR; };
/* End PBXFileReference section */

/* Begin PBXFrameworksBuildPhase section */
		86888FFC1D3D26E70038F753 /* Frameworks */ = {
			isa = PBXFrameworksBuildPhase;
			buildActionMask = 2147483647;
			files = (
				25558A12E5EE46A40170EA1B /* Pods_CCWeiboAPP.framework in Frameworks */,
			);
			runOnlyForDeploymentPostprocessing = 0;
		};
/* End PBXFrameworksBuildPhase section */

/* Begin PBXGroup section */
		353BCE2E6BA7F77CFC06DB11 /* Pods */ = {
			isa = PBXGroup;
			children = (
				1F0B12A120BC1E947C656F13 /* Pods-CCWeiboAPP.debug.xcconfig */,
				ABCB858622B0C382EF7E306D /* Pods-CCWeiboAPP.release.xcconfig */,
			);
			name = Pods;
			sourceTree = "<group>";
		};
		86888FF61D3D26E70038F753 = {
			isa = PBXGroup;
			children = (
				868890011D3D26E70038F753 /* CCWeiboAPP */,
				868890001D3D26E70038F753 /* Products */,
				353BCE2E6BA7F77CFC06DB11 /* Pods */,
				B81B6446938BDD478E2EE780 /* Frameworks */,
			);
			sourceTree = "<group>";
		};
		868890001D3D26E70038F753 /* Products */ = {
			isa = PBXGroup;
			children = (
				86888FFF1D3D26E70038F753 /* CC微博.app */,
			);
			name = Products;
			sourceTree = "<group>";
		};
		868890011D3D26E70038F753 /* CCWeiboAPP */ = {
			isa = PBXGroup;
			children = (
				868890021D3D26E70038F753 /* AppDelegate.swift */,
				86D700491D411B79003C65D7 /* Classes */,
				868890091D3D26E70038F753 /* Assets.xcassets */,
				8688900B1D3D26E70038F753 /* LaunchScreen.storyboard */,
				8688900E1D3D26E70038F753 /* Info.plist */,
			);
			path = CCWeiboAPP;
			sourceTree = "<group>";
		};
		86B5E9921D44FCF100A5D0F0 /* Resource */ = {
			isa = PBXGroup;
			children = (
				86B5E9931D44FCF100A5D0F0 /* MainViewControllerSettings.json */,
				86B5E9971D44FD1200A5D0F0 /* NullTableViewController.swift */,
			);
			path = Resource;
			sourceTree = "<group>";
		};
		86D700491D411B79003C65D7 /* Classes */ = {
			isa = PBXGroup;
			children = (
				86D7004A1D411B79003C65D7 /* Compose */,
				86D7004B1D411B79003C65D7 /* Discover */,
				86D7004C1D411B79003C65D7 /* Home */,
				86D7004D1D411B79003C65D7 /* Main */,
				86D7004E1D411B79003C65D7 /* Message */,
				86D7004F1D411B79003C65D7 /* Profile */,
				86D700501D411B79003C65D7 /* Tools */,
			);
			path = Classes;
			sourceTree = "<group>";
		};
		86D7004A1D411B79003C65D7 /* Compose */ = {
			isa = PBXGroup;
			children = (
			);
			path = Compose;
			sourceTree = "<group>";
		};
		86D7004B1D411B79003C65D7 /* Discover */ = {
			isa = PBXGroup;
			children = (
				86D700551D411C73003C65D7 /* DiscoverTableViewController.swift */,
			);
			path = Discover;
			sourceTree = "<group>";
		};
		86D7004C1D411B79003C65D7 /* Home */ = {
			isa = PBXGroup;
			children = (
				86D700531D411C48003C65D7 /* HomeTableViewController.swift */,
			);
			path = Home;
			sourceTree = "<group>";
		};
		86D7004D1D411B79003C65D7 /* Main */ = {
			isa = PBXGroup;
			children = (
				86B5E9921D44FCF100A5D0F0 /* Resource */,
				86D700511D411C26003C65D7 /* MainViewController.swift */,
				86E15E881D47AE810006CCC4 /* BaseTableViewController.swift */,
				86E15E8A1D47AECD0006CCC4 /* VisitorView.swift */,
			);
			path = Main;
			sourceTree = "<group>";
		};
		86D7004E1D411B79003C65D7 /* Message */ = {
			isa = PBXGroup;
			children = (
				86D700571D411C7C003C65D7 /* MessageTableViewController.swift */,
			);
			path = Message;
			sourceTree = "<group>";
		};
		86D7004F1D411B79003C65D7 /* Profile */ = {
			isa = PBXGroup;
			children = (
				86D700591D411C85003C65D7 /* ProfileTableViewController.swift */,
			);
			path = Profile;
			sourceTree = "<group>";
		};
		86D700501D411B79003C65D7 /* Tools */ = {
			isa = PBXGroup;
			children = (
				86E3ABC61D46628C006F63B4 /* Extension.swift */,
			);
			path = Tools;
			sourceTree = "<group>";
		};
		B81B6446938BDD478E2EE780 /* Frameworks */ = {
			isa = PBXGroup;
			children = (
				F70C364AD593EBEE2DD624DB /* Pods_CCWeiboAPP.framework */,
			);
			name = Frameworks;
			sourceTree = "<group>";
		};
/* End PBXGroup section */

/* Begin PBXNativeTarget section */
		86888FFE1D3D26E70038F753 /* CCWeiboAPP */ = {
			isa = PBXNativeTarget;
			buildConfigurationList = 868890111D3D26E70038F753 /* Build configuration list for PBXNativeTarget "CCWeiboAPP" */;
			buildPhases = (
				84CE099193AA3E045FF3AFE1 /* [CP] Check Pods Manifest.lock */,
				86888FFB1D3D26E70038F753 /* Sources */,
				86888FFC1D3D26E70038F753 /* Frameworks */,
				86888FFD1D3D26E70038F753 /* Resources */,
				9F8E02560D4F1BFA5EDA0740 /* [CP] Embed Pods Frameworks */,
				75992258412E51163B6C8917 /* [CP] Copy Pods Resources */,
			);
			buildRules = (
			);
			dependencies = (
			);
			name = CCWeiboAPP;
			productName = CCWeiboAPP;
			productReference = 86888FFF1D3D26E70038F753 /* CC微博.app */;
			productType = "com.apple.product-type.application";
		};
/* End PBXNativeTarget section */

/* Begin PBXProject section */
		86888FF71D3D26E70038F753 /* Project object */ = {
			isa = PBXProject;
			attributes = {
				LastSwiftUpdateCheck = 0730;
				LastUpgradeCheck = 0730;
				ORGANIZATIONNAME = "Chen Chen";
				TargetAttributes = {
					86888FFE1D3D26E70038F753 = {
						CreatedOnToolsVersion = 7.3.1;
						DevelopmentTeam = 72SC2S8T6M;
					};
				};
			};
			buildConfigurationList = 86888FFA1D3D26E70038F753 /* Build configuration list for PBXProject "CCWeiboAPP" */;
			compatibilityVersion = "Xcode 3.2";
			developmentRegion = English;
			hasScannedForEncodings = 0;
			knownRegions = (
				en,
				Base,
			);
			mainGroup = 86888FF61D3D26E70038F753;
			productRefGroup = 868890001D3D26E70038F753 /* Products */;
			projectDirPath = "";
			projectRoot = "";
			targets = (
				86888FFE1D3D26E70038F753 /* CCWeiboAPP */,
			);
		};
/* End PBXProject section */

/* Begin PBXResourcesBuildPhase section */
		86888FFD1D3D26E70038F753 /* Resources */ = {
			isa = PBXResourcesBuildPhase;
			buildActionMask = 2147483647;
			files = (
				8688900D1D3D26E70038F753 /* LaunchScreen.storyboard in Resources */,
				8688900A1D3D26E70038F753 /* Assets.xcassets in Resources */,
				86B5E9951D44FCF100A5D0F0 /* MainViewControllerSettings.json in Resources */,
			);
			runOnlyForDeploymentPostprocessing = 0;
		};
/* End PBXResourcesBuildPhase section */

/* Begin PBXShellScriptBuildPhase section */
		75992258412E51163B6C8917 /* [CP] Copy Pods Resources */ = {
			isa = PBXShellScriptBuildPhase;
			buildActionMask = 2147483647;
			files = (
			);
			inputPaths = (
			);
			name = "[CP] Copy Pods Resources";
			outputPaths = (
			);
			runOnlyForDeploymentPostprocessing = 0;
			shellPath = /bin/sh;
			shellScript = "\"${SRCROOT}/Pods/Target Support Files/Pods-CCWeiboAPP/Pods-CCWeiboAPP-resources.sh\"\n";
			showEnvVarsInLog = 0;
		};
		84CE099193AA3E045FF3AFE1 /* [CP] Check Pods Manifest.lock */ = {
			isa = PBXShellScriptBuildPhase;
			buildActionMask = 2147483647;
			files = (
			);
			inputPaths = (
			);
			name = "[CP] Check Pods Manifest.lock";
			outputPaths = (
			);
			runOnlyForDeploymentPostprocessing = 0;
			shellPath = /bin/sh;
			shellScript = "diff \"${PODS_ROOT}/../Podfile.lock\" \"${PODS_ROOT}/Manifest.lock\" > /dev/null\nif [[ $? != 0 ]] ; then\n    cat << EOM\nerror: The sandbox is not in sync with the Podfile.lock. Run 'pod install' or update your CocoaPods installation.\nEOM\n    exit 1\nfi\n";
			showEnvVarsInLog = 0;
		};
		9F8E02560D4F1BFA5EDA0740 /* [CP] Embed Pods Frameworks */ = {
			isa = PBXShellScriptBuildPhase;
			buildActionMask = 2147483647;
			files = (
			);
			inputPaths = (
			);
			name = "[CP] Embed Pods Frameworks";
			outputPaths = (
			);
			runOnlyForDeploymentPostprocessing = 0;
			shellPath = /bin/sh;
			shellScript = "\"${SRCROOT}/Pods/Target Support Files/Pods-CCWeiboAPP/Pods-CCWeiboAPP-frameworks.sh\"\n";
			showEnvVarsInLog = 0;
		};
/* End PBXShellScriptBuildPhase section */

/* Begin PBXSourcesBuildPhase section */
		86888FFB1D3D26E70038F753 /* Sources */ = {
			isa = PBXSourcesBuildPhase;
			buildActionMask = 2147483647;
			files = (
				86E15E891D47AE810006CCC4 /* BaseTableViewController.swift in Sources */,
				86D7005A1D411C85003C65D7 /* ProfileTableViewController.swift in Sources */,
				86B5E9981D44FD1200A5D0F0 /* NullTableViewController.swift in Sources */,
				86D700541D411C48003C65D7 /* HomeTableViewController.swift in Sources */,
				868890031D3D26E70038F753 /* AppDelegate.swift in Sources */,
				86D700581D411C7C003C65D7 /* MessageTableViewController.swift in Sources */,
				86E3ABC71D46628C006F63B4 /* Extension.swift in Sources */,
				86E15E8B1D47AECD0006CCC4 /* VisitorView.swift in Sources */,
				86D700561D411C73003C65D7 /* DiscoverTableViewController.swift in Sources */,
				86D700521D411C26003C65D7 /* MainViewController.swift in Sources */,
			);
			runOnlyForDeploymentPostprocessing = 0;
		};
/* End PBXSourcesBuildPhase section */

/* Begin PBXVariantGroup section */
		8688900B1D3D26E70038F753 /* LaunchScreen.storyboard */ = {
			isa = PBXVariantGroup;
			children = (
				8688900C1D3D26E70038F753 /* Base */,
			);
			name = LaunchScreen.storyboard;
			sourceTree = "<group>";
		};
/* End PBXVariantGroup section */

/* Begin XCBuildConfiguration section */
		8688900F1D3D26E70038F753 /* Debug */ = {
			isa = XCBuildConfiguration;
			buildSettings = {
				ALWAYS_SEARCH_USER_PATHS = NO;
				CLANG_ANALYZER_NONNULL = YES;
				CLANG_CXX_LANGUAGE_STANDARD = "gnu++0x";
				CLANG_CXX_LIBRARY = "libc++";
				CLANG_ENABLE_MODULES = YES;
				CLANG_ENABLE_OBJC_ARC = YES;
				CLANG_WARN_BOOL_CONVERSION = YES;
				CLANG_WARN_CONSTANT_CONVERSION = YES;
				CLANG_WARN_DIRECT_OBJC_ISA_USAGE = YES_ERROR;
				CLANG_WARN_EMPTY_BODY = YES;
				CLANG_WARN_ENUM_CONVERSION = YES;
				CLANG_WARN_INT_CONVERSION = YES;
				CLANG_WARN_OBJC_ROOT_CLASS = YES_ERROR;
				CLANG_WARN_UNREACHABLE_CODE = YES;
				CLANG_WARN__DUPLICATE_METHOD_MATCH = YES;
				"CODE_SIGN_IDENTITY[sdk=iphoneos*]" = "iPhone Developer";
				COPY_PHASE_STRIP = NO;
				DEBUG_INFORMATION_FORMAT = dwarf;
				ENABLE_STRICT_OBJC_MSGSEND = YES;
				ENABLE_TESTABILITY = YES;
				GCC_C_LANGUAGE_STANDARD = gnu99;
				GCC_DYNAMIC_NO_PIC = NO;
				GCC_NO_COMMON_BLOCKS = YES;
				GCC_OPTIMIZATION_LEVEL = 0;
				GCC_PREPROCESSOR_DEFINITIONS = (
					"DEBUG=1",
					"$(inherited)",
				);
				GCC_WARN_64_TO_32_BIT_CONVERSION = YES;
				GCC_WARN_ABOUT_RETURN_TYPE = YES_ERROR;
				GCC_WARN_UNDECLARED_SELECTOR = YES;
				GCC_WARN_UNINITIALIZED_AUTOS = YES_AGGRESSIVE;
				GCC_WARN_UNUSED_FUNCTION = YES;
				GCC_WARN_UNUSED_VARIABLE = YES;
				IPHONEOS_DEPLOYMENT_TARGET = 9.3;
				MTL_ENABLE_DEBUG_INFO = YES;
				ONLY_ACTIVE_ARCH = YES;
				SDKROOT = iphoneos;
				SWIFT_OPTIMIZATION_LEVEL = "-Onone";
			};
			name = Debug;
		};
		868890101D3D26E70038F753 /* Release */ = {
			isa = XCBuildConfiguration;
			buildSettings = {
				ALWAYS_SEARCH_USER_PATHS = NO;
				CLANG_ANALYZER_NONNULL = YES;
				CLANG_CXX_LANGUAGE_STANDARD = "gnu++0x";
				CLANG_CXX_LIBRARY = "libc++";
				CLANG_ENABLE_MODULES = YES;
				CLANG_ENABLE_OBJC_ARC = YES;
				CLANG_WARN_BOOL_CONVERSION = YES;
				CLANG_WARN_CONSTANT_CONVERSION = YES;
				CLANG_WARN_DIRECT_OBJC_ISA_USAGE = YES_ERROR;
				CLANG_WARN_EMPTY_BODY = YES;
				CLANG_WARN_ENUM_CONVERSION = YES;
				CLANG_WARN_INT_CONVERSION = YES;
				CLANG_WARN_OBJC_ROOT_CLASS = YES_ERROR;
				CLANG_WARN_UNREACHABLE_CODE = YES;
				CLANG_WARN__DUPLICATE_METHOD_MATCH = YES;
				"CODE_SIGN_IDENTITY[sdk=iphoneos*]" = "iPhone Developer";
				COPY_PHASE_STRIP = NO;
				DEBUG_INFORMATION_FORMAT = "dwarf-with-dsym";
				ENABLE_NS_ASSERTIONS = NO;
				ENABLE_STRICT_OBJC_MSGSEND = YES;
				GCC_C_LANGUAGE_STANDARD = gnu99;
				GCC_NO_COMMON_BLOCKS = YES;
				GCC_WARN_64_TO_32_BIT_CONVERSION = YES;
				GCC_WARN_ABOUT_RETURN_TYPE = YES_ERROR;
				GCC_WARN_UNDECLARED_SELECTOR = YES;
				GCC_WARN_UNINITIALIZED_AUTOS = YES_AGGRESSIVE;
				GCC_WARN_UNUSED_FUNCTION = YES;
				GCC_WARN_UNUSED_VARIABLE = YES;
				IPHONEOS_DEPLOYMENT_TARGET = 9.3;
				MTL_ENABLE_DEBUG_INFO = NO;
				SDKROOT = iphoneos;
				VALIDATE_PRODUCT = YES;
			};
			name = Release;
		};
		868890121D3D26E70038F753 /* Debug */ = {
			isa = XCBuildConfiguration;
			baseConfigurationReference = 1F0B12A120BC1E947C656F13 /* Pods-CCWeiboAPP.debug.xcconfig */;
			buildSettings = {
				ASSETCATALOG_COMPILER_APPICON_NAME = AppIcon;
				ASSETCATALOG_COMPILER_LAUNCHIMAGE_NAME = "Brand Assets";
				INFOPLIST_FILE = CCWeiboAPP/Info.plist;
				IPHONEOS_DEPLOYMENT_TARGET = 8.0;
				LD_RUNPATH_SEARCH_PATHS = "$(inherited) @executable_path/Frameworks";
				PRODUCT_BUNDLE_IDENTIFIER = com.chenchen.CCWeiboAPP;
				PRODUCT_NAME = "CC微博";
			};
			name = Debug;
		};
		868890131D3D26E70038F753 /* Release */ = {
			isa = XCBuildConfiguration;
			baseConfigurationReference = ABCB858622B0C382EF7E306D /* Pods-CCWeiboAPP.release.xcconfig */;
			buildSettings = {
				ASSETCATALOG_COMPILER_APPICON_NAME = AppIcon;
				ASSETCATALOG_COMPILER_LAUNCHIMAGE_NAME = "Brand Assets";
				INFOPLIST_FILE = CCWeiboAPP/Info.plist;
				IPHONEOS_DEPLOYMENT_TARGET = 8.0;
				LD_RUNPATH_SEARCH_PATHS = "$(inherited) @executable_path/Frameworks";
				PRODUCT_BUNDLE_IDENTIFIER = com.chenchen.CCWeiboAPP;
				PRODUCT_NAME = "CC微博";
			};
			name = Release;
		};
/* End XCBuildConfiguration section */

/* Begin XCConfigurationList section */
		86888FFA1D3D26E70038F753 /* Build configuration list for PBXProject "CCWeiboAPP" */ = {
			isa = XCConfigurationList;
			buildConfigurations = (
				8688900F1D3D26E70038F753 /* Debug */,
				868890101D3D26E70038F753 /* Release */,
			);
			defaultConfigurationIsVisible = 0;
			defaultConfigurationName = Release;
		};
		868890111D3D26E70038F753 /* Build configuration list for PBXNativeTarget "CCWeiboAPP" */ = {
			isa = XCConfigurationList;
			buildConfigurations = (
				868890121D3D26E70038F753 /* Debug */,
				868890131D3D26E70038F753 /* Release */,
			);
			defaultConfigurationIsVisible = 0;
			defaultConfigurationName = Release;
		};
/* End XCConfigurationList section */
	};
	rootObject = 86888FF71D3D26E70038F753 /* Project object */;
}
