PODS:
  - ActiveLabel (0.7.1)
  - Alamofire (4.3.0)
  - Cartography (1.0.1)
  - MBProgressHUD (1.0.0)
  - MJRefresh (3.1.12)
  - SDWebImage (3.8.2):
    - SDWebImage/Core (= 3.8.2)
  - SDWebImage/Core (3.8.2)
  - SwiftyJSON (3.1.4)
  - TZImagePickerController (1.7.8)
  - XCGLogger (4.0.0):
    - XCGLogger/Core (= 4.0.0)
  - XCGLogger/Core (4.0.0)

DEPENDENCIES:
  - ActiveLabel (~> 0.7.1)
  - Alamofire (~> 4.3.0)
  - Cartography (~> 1.0.1)
  - MBProgressHUD (~> 1.0.0)
  - MJRefresh (~> 3.1.12)
  - SDWebImage (~> 3.8.2)
  - SwiftyJSON (~> 3.1.4)
  - TZImagePickerController (~> 1.7.8)
  - XCGLogger (~> 4.0.0)

SPEC CHECKSUMS:
  ActiveLabel: 68625f22775f51c31bb691ca8de20f1e5a3bc825
  Alamofire: 856a113053a7bc9cbe5d6367a555d773fc5cfef7
  Cartography: c1460e99395b824d9d75360b0382faeb0b33dcd7
  MBProgressHUD: 4890f671c94e8a0f3cf959aa731e9de2f036d71a
  MJRefresh: b96cdb21c4aa75a7b07654311ab2f315c497e806
  SDWebImage: 098e97e6176540799c27e804c96653ee0833d13c
  SwiftyJSON: c2842d878f95482ffceec5709abc3d05680c0220
  TZImagePickerController: 87a138ae5d585225aaa6c8abe2cface0f0ad19dd
  XCGLogger: 38063ea89b4c8b23232d18efd2e12eb0005f3ea4

PODFILE CHECKSUM: 75e87b9ebd29b458093868f87bc1a04c593eba86

COCOAPODS: 1.2.0
