// !$*UTF8*$!
{
	archiveVersion = 1;
	classes = {
	};
	objectVersion = 46;
	objects = {

/* Begin PBXBuildFile section */
		155F25617F9910A32CB673E7 /* Pods_CCWeiboSwiftApp.framework in Frameworks */ = {isa = PBXBuildFile; fileRef = 459E082E02478DF43EEE9FEF /* Pods_CCWeiboSwiftApp.framework */; };
		250BA45D1DDDB2B800D766A5 /* ComposeViewController.swift in Sources */ = {isa = PBXBuildFile; fileRef = 250BA4511DDDB2B800D766A5 /* ComposeViewController.swift */; };
		250BA45E1DDDB2B800D766A5 /* DiscoverViewController.swift in Sources */ = {isa = PBXBuildFile; fileRef = 250BA4531DDDB2B800D766A5 /* DiscoverViewController.swift */; };
		250BA45F1DDDB2B800D766A5 /* HomeViewController.swift in Sources */ = {isa = PBXBuildFile; fileRef = 250BA4551DDDB2B800D766A5 /* HomeViewController.swift */; };
		250BA4601DDDB2B800D766A5 /* MessageViewController.swift in Sources */ = {isa = PBXBuildFile; fileRef = 250BA4581DDDB2B800D766A5 /* MessageViewController.swift */; };
		250BA4611DDDB2B800D766A5 /* ProfileViewController.swift in Sources */ = {isa = PBXBuildFile; fileRef = 250BA45C1DDDB2B800D766A5 /* ProfileViewController.swift */; };
		250BA4631DDDB2BF00D766A5 /* Color.swift in Sources */ = {isa = PBXBuildFile; fileRef = 250BA4621DDDB2BF00D766A5 /* Color.swift */; };
		250BA4651DDDB2F900D766A5 /* MainViewController.swift in Sources */ = {isa = PBXBuildFile; fileRef = 250BA4641DDDB2F900D766A5 /* MainViewController.swift */; };
		250BA4691DDDB32900D766A5 /* MainViewControllerSettings.json in Resources */ = {isa = PBXBuildFile; fileRef = 250BA4671DDDB32900D766A5 /* MainViewControllerSettings.json */; };
		250BA46A1DDDB32900D766A5 /* NullViewController.swift in Sources */ = {isa = PBXBuildFile; fileRef = 250BA4681DDDB32900D766A5 /* NullViewController.swift */; };
		250BA46D1DDEA31500D766A5 /* BaseViewController.swift in Sources */ = {isa = PBXBuildFile; fileRef = 250BA46C1DDEA31500D766A5 /* BaseViewController.swift */; };
		250BA4701DDEA38500D766A5 /* VisitorView.swift in Sources */ = {isa = PBXBuildFile; fileRef = 250BA46F1DDEA38500D766A5 /* VisitorView.swift */; };
		250BA4721DDEF17600D766A5 /* OAuthViewController.swift in Sources */ = {isa = PBXBuildFile; fileRef = 250BA4711DDEF17600D766A5 /* OAuthViewController.swift */; };
		250BA4741DDEF40000D766A5 /* NetworkingUtil.swift in Sources */ = {isa = PBXBuildFile; fileRef = 250BA4731DDEF40000D766A5 /* NetworkingUtil.swift */; };
		250BA4761DDEFDA500D766A5 /* UserAccount.swift in Sources */ = {isa = PBXBuildFile; fileRef = 250BA4751DDEFDA500D766A5 /* UserAccount.swift */; };
		256B4E461DEC08B40073D126 /* QRCodeView.swift in Sources */ = {isa = PBXBuildFile; fileRef = 256B4E451DEC08B40073D126 /* QRCodeView.swift */; };
		256B4E481DEC09640073D126 /* QRCodeCreateController.swift in Sources */ = {isa = PBXBuildFile; fileRef = 256B4E471DEC09640073D126 /* QRCodeCreateController.swift */; };
		256B4E4A1DEC0A610073D126 /* QRCodeViewController.swift in Sources */ = {isa = PBXBuildFile; fileRef = 256B4E491DEC0A610073D126 /* QRCodeViewController.swift */; };
		258F3D891DE2E78B0083751A /* Emoticons.bundle in Resources */ = {isa = PBXBuildFile; fileRef = 258F3D861DE2E78B0083751A /* Emoticons.bundle */; };
		258F3D8B1DE2E7AA0083751A /* KeyboardToolbar.swift in Sources */ = {isa = PBXBuildFile; fileRef = 258F3D8A1DE2E7AA0083751A /* KeyboardToolbar.swift */; };
		258F3D8D1DE2E84B0083751A /* PlaceholderTextView.swift in Sources */ = {isa = PBXBuildFile; fileRef = 258F3D8C1DE2E84B0083751A /* PlaceholderTextView.swift */; };
		258F3D8F1DE2E8B00083751A /* ComposeTitleView.swift in Sources */ = {isa = PBXBuildFile; fileRef = 258F3D8E1DE2E8B00083751A /* ComposeTitleView.swift */; };
		258F3D911DE2E92F0083751A /* PhotoPickerCell.swift in Sources */ = {isa = PBXBuildFile; fileRef = 258F3D901DE2E92F0083751A /* PhotoPickerCell.swift */; };
		258F3D931DE2EA280083751A /* PhotoPickerController.swift in Sources */ = {isa = PBXBuildFile; fileRef = 258F3D921DE2EA280083751A /* PhotoPickerController.swift */; };
		258F3D951DE424A40083751A /* EmoticonModel.swift in Sources */ = {isa = PBXBuildFile; fileRef = 258F3D941DE424A40083751A /* EmoticonModel.swift */; };
		258F3D971DE426540083751A /* EmoticonManager.swift in Sources */ = {isa = PBXBuildFile; fileRef = 258F3D961DE426540083751A /* EmoticonManager.swift */; };
		258F3D991DE42FD20083751A /* EmoticonKeyboardCell.swift in Sources */ = {isa = PBXBuildFile; fileRef = 258F3D981DE42FD20083751A /* EmoticonKeyboardCell.swift */; };
		258F3D9B1DE430170083751A /* EmoticonKeyboardController.swift in Sources */ = {isa = PBXBuildFile; fileRef = 258F3D9A1DE430170083751A /* EmoticonKeyboardController.swift */; };
		258F3DA51DE537BC0083751A /* AdViewController.swift in Sources */ = {isa = PBXBuildFile; fileRef = 258F3DA41DE537BC0083751A /* AdViewController.swift */; };
		258F3DA71DE53BAF0083751A /* WebViewController.swift in Sources */ = {isa = PBXBuildFile; fileRef = 258F3DA61DE53BAF0083751A /* WebViewController.swift */; };
		258F3DA91DE5408F0083751A /* NavigationTitleButton.swift in Sources */ = {isa = PBXBuildFile; fileRef = 258F3DA81DE5408F0083751A /* NavigationTitleButton.swift */; };
		258F3DAB1DE542280083751A /* UserModel.swift in Sources */ = {isa = PBXBuildFile; fileRef = 258F3DAA1DE542280083751A /* UserModel.swift */; };
		258F3DAD1DE542A50083751A /* StatusModel.swift in Sources */ = {isa = PBXBuildFile; fileRef = 258F3DAC1DE542A50083751A /* StatusModel.swift */; };
		258F3DAF1DE543390083751A /* StatusViewModel.swift in Sources */ = {isa = PBXBuildFile; fileRef = 258F3DAE1DE543390083751A /* StatusViewModel.swift */; };
		258F3DB11DE571840083751A /* StatausPictureCell.swift in Sources */ = {isa = PBXBuildFile; fileRef = 258F3DB01DE571840083751A /* StatausPictureCell.swift */; };
		258F3DB31DE571D00083751A /* ProgressImageView.swift in Sources */ = {isa = PBXBuildFile; fileRef = 258F3DB21DE571D00083751A /* ProgressImageView.swift */; };
		258F3DB51DE572010083751A /* ProgressView.swift in Sources */ = {isa = PBXBuildFile; fileRef = 258F3DB41DE572010083751A /* ProgressView.swift */; };
		258F3DB71DE57E3D0083751A /* PictureCollectionView.swift in Sources */ = {isa = PBXBuildFile; fileRef = 258F3DB61DE57E3D0083751A /* PictureCollectionView.swift */; };
		258F3DB91DE585C30083751A /* PictureBrowserCell.swift in Sources */ = {isa = PBXBuildFile; fileRef = 258F3DB81DE585C30083751A /* PictureBrowserCell.swift */; };
		258F3DBB1DE589C00083751A /* BrowserPresentationController.swift in Sources */ = {isa = PBXBuildFile; fileRef = 258F3DBA1DE589C00083751A /* BrowserPresentationController.swift */; };
		258F3DBD1DE58E440083751A /* PictureBrowserController.swift in Sources */ = {isa = PBXBuildFile; fileRef = 258F3DBC1DE58E440083751A /* PictureBrowserController.swift */; };
		258F3DBF1DE59A6B0083751A /* BaseStatusCell.swift in Sources */ = {isa = PBXBuildFile; fileRef = 258F3DBE1DE59A6B0083751A /* BaseStatusCell.swift */; };
		258F3DC11DE59B650083751A /* WeiboStatusCell.swift in Sources */ = {isa = PBXBuildFile; fileRef = 258F3DC01DE59B650083751A /* WeiboStatusCell.swift */; };
		258F3DC31DE59C430083751A /* RetweetStatusCell.swift in Sources */ = {isa = PBXBuildFile; fileRef = 258F3DC21DE59C430083751A /* RetweetStatusCell.swift */; };
		25A16B4F1DEBD3420044C278 /* CommentModel.swift in Sources */ = {isa = PBXBuildFile; fileRef = 25A16B4E1DEBD3420044C278 /* CommentModel.swift */; };
		25A16B511DEBD3900044C278 /* CommentCell.swift in Sources */ = {isa = PBXBuildFile; fileRef = 25A16B501DEBD3900044C278 /* CommentCell.swift */; };
		25A16B531DEBD59E0044C278 /* DetailViewController.swift in Sources */ = {isa = PBXBuildFile; fileRef = 25A16B521DEBD59E0044C278 /* DetailViewController.swift */; };
		25A16B551DEBD9550044C278 /* PopoverView.swift in Sources */ = {isa = PBXBuildFile; fileRef = 25A16B541DEBD9550044C278 /* PopoverView.swift */; };
		25A16B571DEBD9CB0044C278 /* PopoverViewController.swift in Sources */ = {isa = PBXBuildFile; fileRef = 25A16B561DEBD9CB0044C278 /* PopoverViewController.swift */; };
		25A16B591DEBD9FA0044C278 /* PopoverPresentationController.swift in Sources */ = {isa = PBXBuildFile; fileRef = 25A16B581DEBD9FA0044C278 /* PopoverPresentationController.swift */; };
		25A16B5B1DEBDAC00044C278 /* PopoverPresentationManager.swift in Sources */ = {isa = PBXBuildFile; fileRef = 25A16B5A1DEBDAC00044C278 /* PopoverPresentationManager.swift */; };
		25ED225A1DE7E39D00F59D83 /* NewFeatureCell.swift in Sources */ = {isa = PBXBuildFile; fileRef = 25ED22591DE7E39D00F59D83 /* NewFeatureCell.swift */; };
		25ED225C1DE7E4C700F59D83 /* NewFeatureController.swift in Sources */ = {isa = PBXBuildFile; fileRef = 25ED225B1DE7E4C700F59D83 /* NewFeatureController.swift */; };
		25ED225E1DE7E69400F59D83 /* WelcomeView.swift in Sources */ = {isa = PBXBuildFile; fileRef = 25ED225D1DE7E69400F59D83 /* WelcomeView.swift */; };
		25ED22601DE7E75A00F59D83 /* WelcomeViewController.swift in Sources */ = {isa = PBXBuildFile; fileRef = 25ED225F1DE7E75A00F59D83 /* WelcomeViewController.swift */; };
		864DFC8B1DDB523A007F5D64 /* AppDelegate.swift in Sources */ = {isa = PBXBuildFile; fileRef = 864DFC8A1DDB523A007F5D64 /* AppDelegate.swift */; };
		864DFC921DDB523A007F5D64 /* Assets.xcassets in Resources */ = {isa = PBXBuildFile; fileRef = 864DFC911DDB523A007F5D64 /* Assets.xcassets */; };
		86C663DB1DDB64DA005E810A /* Const.swift in Sources */ = {isa = PBXBuildFile; fileRef = 86C663D91DDB64DA005E810A /* Const.swift */; };
		86C663DC1DDB64DA005E810A /* Extension.swift in Sources */ = {isa = PBXBuildFile; fileRef = 86C663DA1DDB64DA005E810A /* Extension.swift */; };
/* End PBXBuildFile section */

/* Begin PBXFileReference section */
		072B4C9088EA4CC4C5C83328 /* Pods-CCWeiboSwiftApp.debug.xcconfig */ = {isa = PBXFileReference; includeInIndex = 1; lastKnownFileType = text.xcconfig; name = "Pods-CCWeiboSwiftApp.debug.xcconfig"; path = "Pods/Target Support Files/Pods-CCWeiboSwiftApp/Pods-CCWeiboSwiftApp.debug.xcconfig"; sourceTree = "<group>"; };
		098096FA88C18863F73AFD69 /* Pods-CCWeiboSwiftApp.release.xcconfig */ = {isa = PBXFileReference; includeInIndex = 1; lastKnownFileType = text.xcconfig; name = "Pods-CCWeiboSwiftApp.release.xcconfig"; path = "Pods/Target Support Files/Pods-CCWeiboSwiftApp/Pods-CCWeiboSwiftApp.release.xcconfig"; sourceTree = "<group>"; };
		250BA4511DDDB2B800D766A5 /* ComposeViewController.swift */ = {isa = PBXFileReference; fileEncoding = 4; lastKnownFileType = sourcecode.swift; path = ComposeViewController.swift; sourceTree = "<group>"; };
		250BA4531DDDB2B800D766A5 /* DiscoverViewController.swift */ = {isa = PBXFileReference; fileEncoding = 4; lastKnownFileType = sourcecode.swift; path = DiscoverViewController.swift; sourceTree = "<group>"; };
		250BA4551DDDB2B800D766A5 /* HomeViewController.swift */ = {isa = PBXFileReference; fileEncoding = 4; lastKnownFileType = sourcecode.swift; path = HomeViewController.swift; sourceTree = "<group>"; };
		250BA4581DDDB2B800D766A5 /* MessageViewController.swift */ = {isa = PBXFileReference; fileEncoding = 4; lastKnownFileType = sourcecode.swift; path = MessageViewController.swift; sourceTree = "<group>"; };
		250BA45C1DDDB2B800D766A5 /* ProfileViewController.swift */ = {isa = PBXFileReference; fileEncoding = 4; lastKnownFileType = sourcecode.swift; path = ProfileViewController.swift; sourceTree = "<group>"; };
		250BA4621DDDB2BF00D766A5 /* Color.swift */ = {isa = PBXFileReference; fileEncoding = 4; lastKnownFileType = sourcecode.swift; path = Color.swift; sourceTree = "<group>"; };
		250BA4641DDDB2F900D766A5 /* MainViewController.swift */ = {isa = PBXFileReference; fileEncoding = 4; lastKnownFileType = sourcecode.swift; path = MainViewController.swift; sourceTree = "<group>"; };
		250BA4671DDDB32900D766A5 /* MainViewControllerSettings.json */ = {isa = PBXFileReference; fileEncoding = 4; lastKnownFileType = text.json; path = MainViewControllerSettings.json; sourceTree = "<group>"; };
		250BA4681DDDB32900D766A5 /* NullViewController.swift */ = {isa = PBXFileReference; fileEncoding = 4; lastKnownFileType = sourcecode.swift; path = NullViewController.swift; sourceTree = "<group>"; };
		250BA46C1DDEA31500D766A5 /* BaseViewController.swift */ = {isa = PBXFileReference; fileEncoding = 4; lastKnownFileType = sourcecode.swift; path = BaseViewController.swift; sourceTree = "<group>"; };
		250BA46F1DDEA38500D766A5 /* VisitorView.swift */ = {isa = PBXFileReference; fileEncoding = 4; lastKnownFileType = sourcecode.swift; path = VisitorView.swift; sourceTree = "<group>"; };
		250BA4711DDEF17600D766A5 /* OAuthViewController.swift */ = {isa = PBXFileReference; fileEncoding = 4; lastKnownFileType = sourcecode.swift; path = OAuthViewController.swift; sourceTree = "<group>"; };
		250BA4731DDEF40000D766A5 /* NetworkingUtil.swift */ = {isa = PBXFileReference; fileEncoding = 4; lastKnownFileType = sourcecode.swift; path = NetworkingUtil.swift; sourceTree = "<group>"; };
		250BA4751DDEFDA500D766A5 /* UserAccount.swift */ = {isa = PBXFileReference; fileEncoding = 4; lastKnownFileType = sourcecode.swift; path = UserAccount.swift; sourceTree = "<group>"; };
		256B4E451DEC08B40073D126 /* QRCodeView.swift */ = {isa = PBXFileReference; fileEncoding = 4; lastKnownFileType = sourcecode.swift; path = QRCodeView.swift; sourceTree = "<group>"; };
		256B4E471DEC09640073D126 /* QRCodeCreateController.swift */ = {isa = PBXFileReference; fileEncoding = 4; lastKnownFileType = sourcecode.swift; path = QRCodeCreateController.swift; sourceTree = "<group>"; };
		256B4E491DEC0A610073D126 /* QRCodeViewController.swift */ = {isa = PBXFileReference; fileEncoding = 4; lastKnownFileType = sourcecode.swift; path = QRCodeViewController.swift; sourceTree = "<group>"; };
		258F3D861DE2E78B0083751A /* Emoticons.bundle */ = {isa = PBXFileReference; lastKnownFileType = "wrapper.plug-in"; path = Emoticons.bundle; sourceTree = "<group>"; };
		258F3D8A1DE2E7AA0083751A /* KeyboardToolbar.swift */ = {isa = PBXFileReference; fileEncoding = 4; lastKnownFileType = sourcecode.swift; path = KeyboardToolbar.swift; sourceTree = "<group>"; };
		258F3D8C1DE2E84B0083751A /* PlaceholderTextView.swift */ = {isa = PBXFileReference; fileEncoding = 4; lastKnownFileType = sourcecode.swift; path = PlaceholderTextView.swift; sourceTree = "<group>"; };
		258F3D8E1DE2E8B00083751A /* ComposeTitleView.swift */ = {isa = PBXFileReference; fileEncoding = 4; lastKnownFileType = sourcecode.swift; path = ComposeTitleView.swift; sourceTree = "<group>"; };
		258F3D901DE2E92F0083751A /* PhotoPickerCell.swift */ = {isa = PBXFileReference; fileEncoding = 4; lastKnownFileType = sourcecode.swift; path = PhotoPickerCell.swift; sourceTree = "<group>"; };
		258F3D921DE2EA280083751A /* PhotoPickerController.swift */ = {isa = PBXFileReference; fileEncoding = 4; lastKnownFileType = sourcecode.swift; path = PhotoPickerController.swift; sourceTree = "<group>"; };
		258F3D941DE424A40083751A /* EmoticonModel.swift */ = {isa = PBXFileReference; fileEncoding = 4; lastKnownFileType = sourcecode.swift; path = EmoticonModel.swift; sourceTree = "<group>"; };
		258F3D961DE426540083751A /* EmoticonManager.swift */ = {isa = PBXFileReference; fileEncoding = 4; lastKnownFileType = sourcecode.swift; path = EmoticonManager.swift; sourceTree = "<group>"; };
		258F3D981DE42FD20083751A /* EmoticonKeyboardCell.swift */ = {isa = PBXFileReference; fileEncoding = 4; lastKnownFileType = sourcecode.swift; path = EmoticonKeyboardCell.swift; sourceTree = "<group>"; };
		258F3D9A1DE430170083751A /* EmoticonKeyboardController.swift */ = {isa = PBXFileReference; fileEncoding = 4; lastKnownFileType = sourcecode.swift; path = EmoticonKeyboardController.swift; sourceTree = "<group>"; };
		258F3DA41DE537BC0083751A /* AdViewController.swift */ = {isa = PBXFileReference; fileEncoding = 4; lastKnownFileType = sourcecode.swift; path = AdViewController.swift; sourceTree = "<group>"; };
		258F3DA61DE53BAF0083751A /* WebViewController.swift */ = {isa = PBXFileReference; fileEncoding = 4; lastKnownFileType = sourcecode.swift; path = WebViewController.swift; sourceTree = "<group>"; };
		258F3DA81DE5408F0083751A /* NavigationTitleButton.swift */ = {isa = PBXFileReference; fileEncoding = 4; lastKnownFileType = sourcecode.swift; path = NavigationTitleButton.swift; sourceTree = "<group>"; };
		258F3DAA1DE542280083751A /* UserModel.swift */ = {isa = PBXFileReference; fileEncoding = 4; lastKnownFileType = sourcecode.swift; path = UserModel.swift; sourceTree = "<group>"; };
		258F3DAC1DE542A50083751A /* StatusModel.swift */ = {isa = PBXFileReference; fileEncoding = 4; lastKnownFileType = sourcecode.swift; path = StatusModel.swift; sourceTree = "<group>"; };
		258F3DAE1DE543390083751A /* StatusViewModel.swift */ = {isa = PBXFileReference; fileEncoding = 4; lastKnownFileType = sourcecode.swift; path = StatusViewModel.swift; sourceTree = "<group>"; };
		258F3DB01DE571840083751A /* StatausPictureCell.swift */ = {isa = PBXFileReference; fileEncoding = 4; lastKnownFileType = sourcecode.swift; path = StatausPictureCell.swift; sourceTree = "<group>"; };
		258F3DB21DE571D00083751A /* ProgressImageView.swift */ = {isa = PBXFileReference; fileEncoding = 4; lastKnownFileType = sourcecode.swift; path = ProgressImageView.swift; sourceTree = "<group>"; };
		258F3DB41DE572010083751A /* ProgressView.swift */ = {isa = PBXFileReference; fileEncoding = 4; lastKnownFileType = sourcecode.swift; path = ProgressView.swift; sourceTree = "<group>"; };
		258F3DB61DE57E3D0083751A /* PictureCollectionView.swift */ = {isa = PBXFileReference; fileEncoding = 4; lastKnownFileType = sourcecode.swift; path = PictureCollectionView.swift; sourceTree = "<group>"; };
		258F3DB81DE585C30083751A /* PictureBrowserCell.swift */ = {isa = PBXFileReference; fileEncoding = 4; lastKnownFileType = sourcecode.swift; path = PictureBrowserCell.swift; sourceTree = "<group>"; };
		258F3DBA1DE589C00083751A /* BrowserPresentationController.swift */ = {isa = PBXFileReference; fileEncoding = 4; lastKnownFileType = sourcecode.swift; path = BrowserPresentationController.swift; sourceTree = "<group>"; };
		258F3DBC1DE58E440083751A /* PictureBrowserController.swift */ = {isa = PBXFileReference; fileEncoding = 4; lastKnownFileType = sourcecode.swift; path = PictureBrowserController.swift; sourceTree = "<group>"; };
		258F3DBE1DE59A6B0083751A /* BaseStatusCell.swift */ = {isa = PBXFileReference; fileEncoding = 4; lastKnownFileType = sourcecode.swift; path = BaseStatusCell.swift; sourceTree = "<group>"; };
		258F3DC01DE59B650083751A /* WeiboStatusCell.swift */ = {isa = PBXFileReference; fileEncoding = 4; lastKnownFileType = sourcecode.swift; path = WeiboStatusCell.swift; sourceTree = "<group>"; };
		258F3DC21DE59C430083751A /* RetweetStatusCell.swift */ = {isa = PBXFileReference; fileEncoding = 4; lastKnownFileType = sourcecode.swift; path = RetweetStatusCell.swift; sourceTree = "<group>"; };
		25A16B4E1DEBD3420044C278 /* CommentModel.swift */ = {isa = PBXFileReference; fileEncoding = 4; lastKnownFileType = sourcecode.swift; path = CommentModel.swift; sourceTree = "<group>"; };
		25A16B501DEBD3900044C278 /* CommentCell.swift */ = {isa = PBXFileReference; fileEncoding = 4; lastKnownFileType = sourcecode.swift; path = CommentCell.swift; sourceTree = "<group>"; };
		25A16B521DEBD59E0044C278 /* DetailViewController.swift */ = {isa = PBXFileReference; fileEncoding = 4; lastKnownFileType = sourcecode.swift; path = DetailViewController.swift; sourceTree = "<group>"; };
		25A16B541DEBD9550044C278 /* PopoverView.swift */ = {isa = PBXFileReference; fileEncoding = 4; lastKnownFileType = sourcecode.swift; path = PopoverView.swift; sourceTree = "<group>"; };
		25A16B561DEBD9CB0044C278 /* PopoverViewController.swift */ = {isa = PBXFileReference; fileEncoding = 4; lastKnownFileType = sourcecode.swift; path = PopoverViewController.swift; sourceTree = "<group>"; };
		25A16B581DEBD9FA0044C278 /* PopoverPresentationController.swift */ = {isa = PBXFileReference; fileEncoding = 4; lastKnownFileType = sourcecode.swift; path = PopoverPresentationController.swift; sourceTree = "<group>"; };
		25A16B5A1DEBDAC00044C278 /* PopoverPresentationManager.swift */ = {isa = PBXFileReference; fileEncoding = 4; lastKnownFileType = sourcecode.swift; path = PopoverPresentationManager.swift; sourceTree = "<group>"; };
		25ED22591DE7E39D00F59D83 /* NewFeatureCell.swift */ = {isa = PBXFileReference; fileEncoding = 4; lastKnownFileType = sourcecode.swift; path = NewFeatureCell.swift; sourceTree = "<group>"; };
		25ED225B1DE7E4C700F59D83 /* NewFeatureController.swift */ = {isa = PBXFileReference; fileEncoding = 4; lastKnownFileType = sourcecode.swift; path = NewFeatureController.swift; sourceTree = "<group>"; };
		25ED225D1DE7E69400F59D83 /* WelcomeView.swift */ = {isa = PBXFileReference; fileEncoding = 4; lastKnownFileType = sourcecode.swift; path = WelcomeView.swift; sourceTree = "<group>"; };
		25ED225F1DE7E75A00F59D83 /* WelcomeViewController.swift */ = {isa = PBXFileReference; fileEncoding = 4; lastKnownFileType = sourcecode.swift; path = WelcomeViewController.swift; sourceTree = "<group>"; };
		459E082E02478DF43EEE9FEF /* Pods_CCWeiboSwiftApp.framework */ = {isa = PBXFileReference; explicitFileType = wrapper.framework; includeInIndex = 0; path = Pods_CCWeiboSwiftApp.framework; sourceTree = BUILT_PRODUCTS_DIR; };
		864DFC871DDB523A007F5D64 /* CCWeiboSwiftApp.app */ = {isa = PBXFileReference; explicitFileType = wrapper.application; includeInIndex = 0; path = CCWeiboSwiftApp.app; sourceTree = BUILT_PRODUCTS_DIR; };
		864DFC8A1DDB523A007F5D64 /* AppDelegate.swift */ = {isa = PBXFileReference; lastKnownFileType = sourcecode.swift; path = AppDelegate.swift; sourceTree = "<group>"; };
		864DFC911DDB523A007F5D64 /* Assets.xcassets */ = {isa = PBXFileReference; lastKnownFileType = folder.assetcatalog; path = Assets.xcassets; sourceTree = "<group>"; };
		864DFC961DDB523A007F5D64 /* Info.plist */ = {isa = PBXFileReference; lastKnownFileType = text.plist.xml; path = Info.plist; sourceTree = "<group>"; };
		86C663D91DDB64DA005E810A /* Const.swift */ = {isa = PBXFileReference; fileEncoding = 4; lastKnownFileType = sourcecode.swift; path = Const.swift; sourceTree = "<group>"; };
		86C663DA1DDB64DA005E810A /* Extension.swift */ = {isa = PBXFileReference; fileEncoding = 4; lastKnownFileType = sourcecode.swift; path = Extension.swift; sourceTree = "<group>"; };
		86C663DD1DDB6548005E810A /* CCWeiboSwiftApp-Bridging-Header.h */ = {isa = PBXFileReference; lastKnownFileType = sourcecode.c.h; path = "CCWeiboSwiftApp-Bridging-Header.h"; sourceTree = "<group>"; };
		86C663E01DDB6810005E810A /* CCWeiboSwiftApp.entitlements */ = {isa = PBXFileReference; lastKnownFileType = text.plist.entitlements; path = CCWeiboSwiftApp.entitlements; sourceTree = "<group>"; };
/* End PBXFileReference section */

/* Begin PBXFrameworksBuildPhase section */
		864DFC841DDB523A007F5D64 /* Frameworks */ = {
			isa = PBXFrameworksBuildPhase;
			buildActionMask = 2147483647;
			files = (
				155F25617F9910A32CB673E7 /* Pods_CCWeiboSwiftApp.framework in Frameworks */,
			);
			runOnlyForDeploymentPostprocessing = 0;
		};
/* End PBXFrameworksBuildPhase section */

/* Begin PBXGroup section */
		250BA44F1DDDB2B800D766A5 /* Classes */ = {
			isa = PBXGroup;
			children = (
				250BA4501DDDB2B800D766A5 /* Compose */,
				250BA4521DDDB2B800D766A5 /* Discover */,
				250BA4541DDDB2B800D766A5 /* Home */,
				250BA4561DDDB2B800D766A5 /* Main */,
				250BA4571DDDB2B800D766A5 /* Message */,
				250BA4591DDDB2B800D766A5 /* NewVersion */,
				250BA45A1DDDB2B800D766A5 /* OAuth */,
				250BA45B1DDDB2B800D766A5 /* Profile */,
			);
			path = Classes;
			sourceTree = "<group>";
		};
		250BA4501DDDB2B800D766A5 /* Compose */ = {
			isa = PBXGroup;
			children = (
				250BA4511DDDB2B800D766A5 /* ComposeViewController.swift */,
				258F3D851DE2E78B0083751A /* EmoticonKeyboard */,
				258F3D871DE2E78B0083751A /* PhotoPicker */,
				258F3D881DE2E78B0083751A /* View */,
			);
			path = Compose;
			sourceTree = "<group>";
		};
		250BA4521DDDB2B800D766A5 /* Discover */ = {
			isa = PBXGroup;
			children = (
				250BA4531DDDB2B800D766A5 /* DiscoverViewController.swift */,
			);
			path = Discover;
			sourceTree = "<group>";
		};
		250BA4541DDDB2B800D766A5 /* Home */ = {
			isa = PBXGroup;
			children = (
				250BA4551DDDB2B800D766A5 /* HomeViewController.swift */,
				258F3D9C1DE537970083751A /* Browser */,
				258F3D9D1DE537970083751A /* Detail */,
				258F3D9E1DE537970083751A /* Model */,
				258F3D9F1DE537970083751A /* Picture */,
				258F3DA01DE537970083751A /* Popover */,
				258F3DA11DE537970083751A /* Progress */,
				258F3DA21DE537970083751A /* QRCode */,
				258F3DA31DE537970083751A /* Status */,
			);
			path = Home;
			sourceTree = "<group>";
		};
		250BA4561DDDB2B800D766A5 /* Main */ = {
			isa = PBXGroup;
			children = (
				250BA4641DDDB2F900D766A5 /* MainViewController.swift */,
				250BA46B1DDEA30700D766A5 /* Controller */,
				250BA4661DDDB32900D766A5 /* Resource */,
				250BA46E1DDEA33E00D766A5 /* View */,
			);
			path = Main;
			sourceTree = "<group>";
		};
		250BA4571DDDB2B800D766A5 /* Message */ = {
			isa = PBXGroup;
			children = (
				250BA4581DDDB2B800D766A5 /* MessageViewController.swift */,
			);
			path = Message;
			sourceTree = "<group>";
		};
		250BA4591DDDB2B800D766A5 /* NewVersion */ = {
			isa = PBXGroup;
			children = (
				25ED22571DE7E38100F59D83 /* NewFeature */,
				25ED22581DE7E38100F59D83 /* Welcome */,
			);
			path = NewVersion;
			sourceTree = "<group>";
		};
		250BA45A1DDDB2B800D766A5 /* OAuth */ = {
			isa = PBXGroup;
			children = (
				250BA4711DDEF17600D766A5 /* OAuthViewController.swift */,
				250BA4751DDEFDA500D766A5 /* UserAccount.swift */,
			);
			path = OAuth;
			sourceTree = "<group>";
		};
		250BA45B1DDDB2B800D766A5 /* Profile */ = {
			isa = PBXGroup;
			children = (
				250BA45C1DDDB2B800D766A5 /* ProfileViewController.swift */,
			);
			path = Profile;
			sourceTree = "<group>";
		};
		250BA4661DDDB32900D766A5 /* Resource */ = {
			isa = PBXGroup;
			children = (
				250BA4671DDDB32900D766A5 /* MainViewControllerSettings.json */,
				250BA4681DDDB32900D766A5 /* NullViewController.swift */,
			);
			path = Resource;
			sourceTree = "<group>";
		};
		250BA46B1DDEA30700D766A5 /* Controller */ = {
			isa = PBXGroup;
			children = (
				258F3DA41DE537BC0083751A /* AdViewController.swift */,
				250BA46C1DDEA31500D766A5 /* BaseViewController.swift */,
				258F3DA61DE53BAF0083751A /* WebViewController.swift */,
			);
			path = Controller;
			sourceTree = "<group>";
		};
		250BA46E1DDEA33E00D766A5 /* View */ = {
			isa = PBXGroup;
			children = (
				258F3DA81DE5408F0083751A /* NavigationTitleButton.swift */,
				250BA46F1DDEA38500D766A5 /* VisitorView.swift */,
			);
			path = View;
			sourceTree = "<group>";
		};
		258F3D851DE2E78B0083751A /* EmoticonKeyboard */ = {
			isa = PBXGroup;
			children = (
				258F3D981DE42FD20083751A /* EmoticonKeyboardCell.swift */,
				258F3D9A1DE430170083751A /* EmoticonKeyboardController.swift */,
				258F3D961DE426540083751A /* EmoticonManager.swift */,
				258F3D941DE424A40083751A /* EmoticonModel.swift */,
				258F3D861DE2E78B0083751A /* Emoticons.bundle */,
			);
			path = EmoticonKeyboard;
			sourceTree = "<group>";
		};
		258F3D871DE2E78B0083751A /* PhotoPicker */ = {
			isa = PBXGroup;
			children = (
				258F3D901DE2E92F0083751A /* PhotoPickerCell.swift */,
				258F3D921DE2EA280083751A /* PhotoPickerController.swift */,
			);
			path = PhotoPicker;
			sourceTree = "<group>";
		};
		258F3D881DE2E78B0083751A /* View */ = {
			isa = PBXGroup;
			children = (
				258F3D8E1DE2E8B00083751A /* ComposeTitleView.swift */,
				258F3D8A1DE2E7AA0083751A /* KeyboardToolbar.swift */,
				258F3D8C1DE2E84B0083751A /* PlaceholderTextView.swift */,
			);
			path = View;
			sourceTree = "<group>";
		};
		258F3D9C1DE537970083751A /* Browser */ = {
			isa = PBXGroup;
			children = (
				258F3DBA1DE589C00083751A /* BrowserPresentationController.swift */,
				258F3DB81DE585C30083751A /* PictureBrowserCell.swift */,
				258F3DBC1DE58E440083751A /* PictureBrowserController.swift */,
			);
			path = Browser;
			sourceTree = "<group>";
		};
		258F3D9D1DE537970083751A /* Detail */ = {
			isa = PBXGroup;
			children = (
				25A16B501DEBD3900044C278 /* CommentCell.swift */,
				25A16B4E1DEBD3420044C278 /* CommentModel.swift */,
				25A16B521DEBD59E0044C278 /* DetailViewController.swift */,
			);
			path = Detail;
			sourceTree = "<group>";
		};
		258F3D9E1DE537970083751A /* Model */ = {
			isa = PBXGroup;
			children = (
				258F3DAC1DE542A50083751A /* StatusModel.swift */,
				258F3DAE1DE543390083751A /* StatusViewModel.swift */,
				258F3DAA1DE542280083751A /* UserModel.swift */,
			);
			path = Model;
			sourceTree = "<group>";
		};
		258F3D9F1DE537970083751A /* Picture */ = {
			isa = PBXGroup;
			children = (
				258F3DB01DE571840083751A /* StatausPictureCell.swift */,
				258F3DB61DE57E3D0083751A /* PictureCollectionView.swift */,
			);
			path = Picture;
			sourceTree = "<group>";
		};
		258F3DA01DE537970083751A /* Popover */ = {
			isa = PBXGroup;
			children = (
				25A16B581DEBD9FA0044C278 /* PopoverPresentationController.swift */,
				25A16B5A1DEBDAC00044C278 /* PopoverPresentationManager.swift */,
				25A16B541DEBD9550044C278 /* PopoverView.swift */,
				25A16B561DEBD9CB0044C278 /* PopoverViewController.swift */,
			);
			path = Popover;
			sourceTree = "<group>";
		};
		258F3DA11DE537970083751A /* Progress */ = {
			isa = PBXGroup;
			children = (
				258F3DB21DE571D00083751A /* ProgressImageView.swift */,
				258F3DB41DE572010083751A /* ProgressView.swift */,
			);
			path = Progress;
			sourceTree = "<group>";
		};
		258F3DA21DE537970083751A /* QRCode */ = {
			isa = PBXGroup;
			children = (
				256B4E451DEC08B40073D126 /* QRCodeView.swift */,
				256B4E471DEC09640073D126 /* QRCodeCreateController.swift */,
				256B4E491DEC0A610073D126 /* QRCodeViewController.swift */,
			);
			path = QRCode;
			sourceTree = "<group>";
		};
		258F3DA31DE537970083751A /* Status */ = {
			isa = PBXGroup;
			children = (
				258F3DBE1DE59A6B0083751A /* BaseStatusCell.swift */,
				258F3DC21DE59C430083751A /* RetweetStatusCell.swift */,
				258F3DC01DE59B650083751A /* WeiboStatusCell.swift */,
			);
			path = Status;
			sourceTree = "<group>";
		};
		25ED22571DE7E38100F59D83 /* NewFeature */ = {
			isa = PBXGroup;
			children = (
				25ED22591DE7E39D00F59D83 /* NewFeatureCell.swift */,
				25ED225B1DE7E4C700F59D83 /* NewFeatureController.swift */,
			);
			path = NewFeature;
			sourceTree = "<group>";
		};
		25ED22581DE7E38100F59D83 /* Welcome */ = {
			isa = PBXGroup;
			children = (
				25ED225D1DE7E69400F59D83 /* WelcomeView.swift */,
				25ED225F1DE7E75A00F59D83 /* WelcomeViewController.swift */,
			);
			path = Welcome;
			sourceTree = "<group>";
		};
		541459903CA72433AB47AA06 /* Frameworks */ = {
			isa = PBXGroup;
			children = (
				459E082E02478DF43EEE9FEF /* Pods_CCWeiboSwiftApp.framework */,
			);
			name = Frameworks;
			sourceTree = "<group>";
		};
		5980A38FC7347DF062E2B0D4 /* Pods */ = {
			isa = PBXGroup;
			children = (
				072B4C9088EA4CC4C5C83328 /* Pods-CCWeiboSwiftApp.debug.xcconfig */,
				098096FA88C18863F73AFD69 /* Pods-CCWeiboSwiftApp.release.xcconfig */,
			);
			name = Pods;
			sourceTree = "<group>";
		};
		864DFC7E1DDB5239007F5D64 = {
			isa = PBXGroup;
			children = (
				864DFC891DDB523A007F5D64 /* CCWeiboSwiftApp */,
				864DFC881DDB523A007F5D64 /* Products */,
				5980A38FC7347DF062E2B0D4 /* Pods */,
				541459903CA72433AB47AA06 /* Frameworks */,
			);
			sourceTree = "<group>";
		};
		864DFC881DDB523A007F5D64 /* Products */ = {
			isa = PBXGroup;
			children = (
				864DFC871DDB523A007F5D64 /* CCWeiboSwiftApp.app */,
			);
			name = Products;
			sourceTree = "<group>";
		};
		864DFC891DDB523A007F5D64 /* CCWeiboSwiftApp */ = {
			isa = PBXGroup;
			children = (
				86C663E01DDB6810005E810A /* CCWeiboSwiftApp.entitlements */,
				864DFC8A1DDB523A007F5D64 /* AppDelegate.swift */,
				86C663DD1DDB6548005E810A /* CCWeiboSwiftApp-Bridging-Header.h */,
				250BA4621DDDB2BF00D766A5 /* Color.swift */,
				86C663D91DDB64DA005E810A /* Const.swift */,
				86C663DA1DDB64DA005E810A /* Extension.swift */,
				250BA4731DDEF40000D766A5 /* NetworkingUtil.swift */,
				250BA44F1DDDB2B800D766A5 /* Classes */,
				864DFC911DDB523A007F5D64 /* Assets.xcassets */,
				864DFC961DDB523A007F5D64 /* Info.plist */,
			);
			path = CCWeiboSwiftApp;
			sourceTree = "<group>";
		};
/* End PBXGroup section */

/* Begin PBXNativeTarget section */
		864DFC861DDB523A007F5D64 /* CCWeiboSwiftApp */ = {
			isa = PBXNativeTarget;
			buildConfigurationList = 864DFC991DDB523A007F5D64 /* Build configuration list for PBXNativeTarget "CCWeiboSwiftApp" */;
			buildPhases = (
				6D092A234D8AD7F06AEA5A43 /* [CP] Check Pods Manifest.lock */,
				864DFC831DDB523A007F5D64 /* Sources */,
				864DFC841DDB523A007F5D64 /* Frameworks */,
				864DFC851DDB523A007F5D64 /* Resources */,
				87383AE59A51A684AEACDA6E /* [CP] Embed Pods Frameworks */,
				56DAE66B04B88C6564BD8850 /* [CP] Copy Pods Resources */,
			);
			buildRules = (
			);
			dependencies = (
			);
			name = CCWeiboSwiftApp;
			productName = CCWeiboSwiftApp;
			productReference = 864DFC871DDB523A007F5D64 /* CCWeiboSwiftApp.app */;
			productType = "com.apple.product-type.application";
		};
/* End PBXNativeTarget section */

/* Begin PBXProject section */
		864DFC7F1DDB5239007F5D64 /* Project object */ = {
			isa = PBXProject;
			attributes = {
				LastSwiftUpdateCheck = 0810;
				LastUpgradeCheck = 0810;
				ORGANIZATIONNAME = "Chen Chen";
				TargetAttributes = {
					864DFC861DDB523A007F5D64 = {
						CreatedOnToolsVersion = 8.1;
						DevelopmentTeam = U4A6RHW364;
						ProvisioningStyle = Automatic;
						SystemCapabilities = {
							com.apple.BackgroundModes = {
								enabled = 1;
							};
							com.apple.Keychain = {
								enabled = 1;
							};
						};
					};
				};
			};
			buildConfigurationList = 864DFC821DDB5239007F5D64 /* Build configuration list for PBXProject "CCWeiboSwiftApp" */;
			compatibilityVersion = "Xcode 3.2";
			developmentRegion = English;
			hasScannedForEncodings = 0;
			knownRegions = (
				en,
				Base,
			);
			mainGroup = 864DFC7E1DDB5239007F5D64;
			productRefGroup = 864DFC881DDB523A007F5D64 /* Products */;
			projectDirPath = "";
			projectRoot = "";
			targets = (
				864DFC861DDB523A007F5D64 /* CCWeiboSwiftApp */,
			);
		};
/* End PBXProject section */

/* Begin PBXResourcesBuildPhase section */
		864DFC851DDB523A007F5D64 /* Resources */ = {
			isa = PBXResourcesBuildPhase;
			buildActionMask = 2147483647;
			files = (
				250BA4691DDDB32900D766A5 /* MainViewControllerSettings.json in Resources */,
				258F3D891DE2E78B0083751A /* Emoticons.bundle in Resources */,
				864DFC921DDB523A007F5D64 /* Assets.xcassets in Resources */,
			);
			runOnlyForDeploymentPostprocessing = 0;
		};
/* End PBXResourcesBuildPhase section */

/* Begin PBXShellScriptBuildPhase section */
		56DAE66B04B88C6564BD8850 /* [CP] Copy Pods Resources */ = {
			isa = PBXShellScriptBuildPhase;
			buildActionMask = 2147483647;
			files = (
			);
			inputPaths = (
			);
			name = "[CP] Copy Pods Resources";
			outputPaths = (
			);
			runOnlyForDeploymentPostprocessing = 0;
			shellPath = /bin/sh;
			shellScript = "\"${SRCROOT}/Pods/Target Support Files/Pods-CCWeiboSwiftApp/Pods-CCWeiboSwiftApp-resources.sh\"\n";
			showEnvVarsInLog = 0;
		};
		6D092A234D8AD7F06AEA5A43 /* [CP] Check Pods Manifest.lock */ = {
			isa = PBXShellScriptBuildPhase;
			buildActionMask = 2147483647;
			files = (
			);
			inputPaths = (
			);
			name = "[CP] Check Pods Manifest.lock";
			outputPaths = (
			);
			runOnlyForDeploymentPostprocessing = 0;
			shellPath = /bin/sh;
			shellScript = "diff \"${PODS_ROOT}/../Podfile.lock\" \"${PODS_ROOT}/Manifest.lock\" > /dev/null\nif [ $? != 0 ] ; then\n    # print error to STDERR\n    echo \"error: The sandbox is not in sync with the Podfile.lock. Run 'pod install' or update your CocoaPods installation.\" >&2\n    exit 1\nfi\n";
			showEnvVarsInLog = 0;
		};
		87383AE59A51A684AEACDA6E /* [CP] Embed Pods Frameworks */ = {
			isa = PBXShellScriptBuildPhase;
			buildActionMask = 2147483647;
			files = (
			);
			inputPaths = (
			);
			name = "[CP] Embed Pods Frameworks";
			outputPaths = (
			);
			runOnlyForDeploymentPostprocessing = 0;
			shellPath = /bin/sh;
			shellScript = "\"${SRCROOT}/Pods/Target Support Files/Pods-CCWeiboSwiftApp/Pods-CCWeiboSwiftApp-frameworks.sh\"\n";
			showEnvVarsInLog = 0;
		};
/* End PBXShellScriptBuildPhase section */

/* Begin PBXSourcesBuildPhase section */
		864DFC831DDB523A007F5D64 /* Sources */ = {
			isa = PBXSourcesBuildPhase;
			buildActionMask = 2147483647;
			files = (
				250BA4721DDEF17600D766A5 /* OAuthViewController.swift in Sources */,
				258F3DA71DE53BAF0083751A /* WebViewController.swift in Sources */,
				25ED225C1DE7E4C700F59D83 /* NewFeatureController.swift in Sources */,
				864DFC8B1DDB523A007F5D64 /* AppDelegate.swift in Sources */,
				258F3DAB1DE542280083751A /* UserModel.swift in Sources */,
				258F3DAF1DE543390083751A /* StatusViewModel.swift in Sources */,
				86C663DB1DDB64DA005E810A /* Const.swift in Sources */,
				258F3DA91DE5408F0083751A /* NavigationTitleButton.swift in Sources */,
				258F3D8D1DE2E84B0083751A /* PlaceholderTextView.swift in Sources */,
				258F3D911DE2E92F0083751A /* PhotoPickerCell.swift in Sources */,
				258F3DBD1DE58E440083751A /* PictureBrowserController.swift in Sources */,
				258F3DC11DE59B650083751A /* WeiboStatusCell.swift in Sources */,
				86C663DC1DDB64DA005E810A /* Extension.swift in Sources */,
				258F3DC31DE59C430083751A /* RetweetStatusCell.swift in Sources */,
				258F3DB71DE57E3D0083751A /* PictureCollectionView.swift in Sources */,
				258F3D931DE2EA280083751A /* PhotoPickerController.swift in Sources */,
				258F3DBF1DE59A6B0083751A /* BaseStatusCell.swift in Sources */,
				250BA46A1DDDB32900D766A5 /* NullViewController.swift in Sources */,
				258F3D9B1DE430170083751A /* EmoticonKeyboardController.swift in Sources */,
				250BA45D1DDDB2B800D766A5 /* ComposeViewController.swift in Sources */,
				25A16B591DEBD9FA0044C278 /* PopoverPresentationController.swift in Sources */,
				258F3D8B1DE2E7AA0083751A /* KeyboardToolbar.swift in Sources */,
				25A16B5B1DEBDAC00044C278 /* PopoverPresentationManager.swift in Sources */,
				250BA4741DDEF40000D766A5 /* NetworkingUtil.swift in Sources */,
				256B4E4A1DEC0A610073D126 /* QRCodeViewController.swift in Sources */,
				258F3DAD1DE542A50083751A /* StatusModel.swift in Sources */,
				250BA46D1DDEA31500D766A5 /* BaseViewController.swift in Sources */,
				258F3D991DE42FD20083751A /* EmoticonKeyboardCell.swift in Sources */,
				258F3D971DE426540083751A /* EmoticonManager.swift in Sources */,
				258F3DB11DE571840083751A /* StatausPictureCell.swift in Sources */,
				258F3DA51DE537BC0083751A /* AdViewController.swift in Sources */,
				250BA4761DDEFDA500D766A5 /* UserAccount.swift in Sources */,
				258F3DB51DE572010083751A /* ProgressView.swift in Sources */,
				258F3D951DE424A40083751A /* EmoticonModel.swift in Sources */,
				250BA45E1DDDB2B800D766A5 /* DiscoverViewController.swift in Sources */,
				25A16B571DEBD9CB0044C278 /* PopoverViewController.swift in Sources */,
				250BA4701DDEA38500D766A5 /* VisitorView.swift in Sources */,
				25A16B511DEBD3900044C278 /* CommentCell.swift in Sources */,
				256B4E481DEC09640073D126 /* QRCodeCreateController.swift in Sources */,
				25A16B4F1DEBD3420044C278 /* CommentModel.swift in Sources */,
				25A16B551DEBD9550044C278 /* PopoverView.swift in Sources */,
				250BA45F1DDDB2B800D766A5 /* HomeViewController.swift in Sources */,
				250BA4611DDDB2B800D766A5 /* ProfileViewController.swift in Sources */,
				250BA4601DDDB2B800D766A5 /* MessageViewController.swift in Sources */,
				25ED22601DE7E75A00F59D83 /* WelcomeViewController.swift in Sources */,
				25A16B531DEBD59E0044C278 /* DetailViewController.swift in Sources */,
				258F3DB91DE585C30083751A /* PictureBrowserCell.swift in Sources */,
				258F3DBB1DE589C00083751A /* BrowserPresentationController.swift in Sources */,
				25ED225A1DE7E39D00F59D83 /* NewFeatureCell.swift in Sources */,
				25ED225E1DE7E69400F59D83 /* WelcomeView.swift in Sources */,
				250BA4631DDDB2BF00D766A5 /* Color.swift in Sources */,
				256B4E461DEC08B40073D126 /* QRCodeView.swift in Sources */,
				250BA4651DDDB2F900D766A5 /* MainViewController.swift in Sources */,
				258F3D8F1DE2E8B00083751A /* ComposeTitleView.swift in Sources */,
				258F3DB31DE571D00083751A /* ProgressImageView.swift in Sources */,
			);
			runOnlyForDeploymentPostprocessing = 0;
		};
/* End PBXSourcesBuildPhase section */

/* Begin XCBuildConfiguration section */
		864DFC971DDB523A007F5D64 /* Debug */ = {
			isa = XCBuildConfiguration;
			buildSettings = {
				ALWAYS_SEARCH_USER_PATHS = NO;
				CLANG_ANALYZER_NONNULL = YES;
				CLANG_CXX_LANGUAGE_STANDARD = "gnu++0x";
				CLANG_CXX_LIBRARY = "libc++";
				CLANG_ENABLE_MODULES = YES;
				CLANG_ENABLE_OBJC_ARC = YES;
				CLANG_WARN_BOOL_CONVERSION = YES;
				CLANG_WARN_CONSTANT_CONVERSION = YES;
				CLANG_WARN_DIRECT_OBJC_ISA_USAGE = YES_ERROR;
				CLANG_WARN_DOCUMENTATION_COMMENTS = YES;
				CLANG_WARN_EMPTY_BODY = YES;
				CLANG_WARN_ENUM_CONVERSION = YES;
				CLANG_WARN_INFINITE_RECURSION = YES;
				CLANG_WARN_INT_CONVERSION = YES;
				CLANG_WARN_OBJC_ROOT_CLASS = YES_ERROR;
				CLANG_WARN_SUSPICIOUS_MOVE = YES;
				CLANG_WARN_SUSPICIOUS_MOVES = YES;
				CLANG_WARN_UNREACHABLE_CODE = YES;
				CLANG_WARN__DUPLICATE_METHOD_MATCH = YES;
				"CODE_SIGN_IDENTITY[sdk=iphoneos*]" = "iPhone Developer";
				COPY_PHASE_STRIP = NO;
				DEBUG_INFORMATION_FORMAT = dwarf;
				ENABLE_STRICT_OBJC_MSGSEND = YES;
				ENABLE_TESTABILITY = YES;
				GCC_C_LANGUAGE_STANDARD = gnu99;
				GCC_DYNAMIC_NO_PIC = NO;
				GCC_NO_COMMON_BLOCKS = YES;
				GCC_OPTIMIZATION_LEVEL = 0;
				GCC_PREPROCESSOR_DEFINITIONS = (
					"DEBUG=1",
					"$(inherited)",
				);
				GCC_WARN_64_TO_32_BIT_CONVERSION = YES;
				GCC_WARN_ABOUT_RETURN_TYPE = YES_ERROR;
				GCC_WARN_UNDECLARED_SELECTOR = YES;
				GCC_WARN_UNINITIALIZED_AUTOS = YES_AGGRESSIVE;
				GCC_WARN_UNUSED_FUNCTION = YES;
				GCC_WARN_UNUSED_VARIABLE = YES;
				IPHONEOS_DEPLOYMENT_TARGET = 9.0;
				MTL_ENABLE_DEBUG_INFO = YES;
				ONLY_ACTIVE_ARCH = YES;
				SDKROOT = iphoneos;
				SWIFT_ACTIVE_COMPILATION_CONDITIONS = DEBUG;
				SWIFT_OPTIMIZATION_LEVEL = "-Onone";
			};
			name = Debug;
		};
		864DFC981DDB523A007F5D64 /* Release */ = {
			isa = XCBuildConfiguration;
			buildSettings = {
				ALWAYS_SEARCH_USER_PATHS = NO;
				CLANG_ANALYZER_NONNULL = YES;
				CLANG_CXX_LANGUAGE_STANDARD = "gnu++0x";
				CLANG_CXX_LIBRARY = "libc++";
				CLANG_ENABLE_MODULES = YES;
				CLANG_ENABLE_OBJC_ARC = YES;
				CLANG_WARN_BOOL_CONVERSION = YES;
				CLANG_WARN_CONSTANT_CONVERSION = YES;
				CLANG_WARN_DIRECT_OBJC_ISA_USAGE = YES_ERROR;
				CLANG_WARN_DOCUMENTATION_COMMENTS = YES;
				CLANG_WARN_EMPTY_BODY = YES;
				CLANG_WARN_ENUM_CONVERSION = YES;
				CLANG_WARN_INFINITE_RECURSION = YES;
				CLANG_WARN_INT_CONVERSION = YES;
				CLANG_WARN_OBJC_ROOT_CLASS = YES_ERROR;
				CLANG_WARN_SUSPICIOUS_MOVE = YES;
				CLANG_WARN_SUSPICIOUS_MOVES = YES;
				CLANG_WARN_UNREACHABLE_CODE = YES;
				CLANG_WARN__DUPLICATE_METHOD_MATCH = YES;
				"CODE_SIGN_IDENTITY[sdk=iphoneos*]" = "iPhone Developer";
				COPY_PHASE_STRIP = NO;
				DEBUG_INFORMATION_FORMAT = "dwarf-with-dsym";
				ENABLE_NS_ASSERTIONS = NO;
				ENABLE_STRICT_OBJC_MSGSEND = YES;
				GCC_C_LANGUAGE_STANDARD = gnu99;
				GCC_NO_COMMON_BLOCKS = YES;
				GCC_WARN_64_TO_32_BIT_CONVERSION = YES;
				GCC_WARN_ABOUT_RETURN_TYPE = YES_ERROR;
				GCC_WARN_UNDECLARED_SELECTOR = YES;
				GCC_WARN_UNINITIALIZED_AUTOS = YES_AGGRESSIVE;
				GCC_WARN_UNUSED_FUNCTION = YES;
				GCC_WARN_UNUSED_VARIABLE = YES;
				IPHONEOS_DEPLOYMENT_TARGET = 9.0;
				MTL_ENABLE_DEBUG_INFO = NO;
				SDKROOT = iphoneos;
				SWIFT_OPTIMIZATION_LEVEL = "-Owholemodule";
				VALIDATE_PRODUCT = YES;
			};
			name = Release;
		};
		864DFC9A1DDB523A007F5D64 /* Debug */ = {
			isa = XCBuildConfiguration;
			baseConfigurationReference = 072B4C9088EA4CC4C5C83328 /* Pods-CCWeiboSwiftApp.debug.xcconfig */;
			buildSettings = {
				ALWAYS_EMBED_SWIFT_STANDARD_LIBRARIES = YES;
				ASSETCATALOG_COMPILER_APPICON_NAME = AppIcon;
				ASSETCATALOG_COMPILER_LAUNCHIMAGE_NAME = LaunchImage;
				CODE_SIGN_ENTITLEMENTS = CCWeiboSwiftApp/CCWeiboSwiftApp.entitlements;
				DEVELOPMENT_TEAM = U4A6RHW364;
				INFOPLIST_FILE = CCWeiboSwiftApp/Info.plist;
				IPHONEOS_DEPLOYMENT_TARGET = 9.0;
				LD_RUNPATH_SEARCH_PATHS = "$(inherited) @executable_path/Frameworks";
				PRODUCT_BUNDLE_IDENTIFIER = com.chenchen.CCWeiboSwiftApp;
				PRODUCT_NAME = "$(TARGET_NAME)";
				SWIFT_OBJC_BRIDGING_HEADER = "CCWeiboSwiftApp/CCWeiboSwiftApp-Bridging-Header.h";
				SWIFT_VERSION = 3.0;
			};
			name = Debug;
		};
		864DFC9B1DDB523A007F5D64 /* Release */ = {
			isa = XCBuildConfiguration;
			baseConfigurationReference = 098096FA88C18863F73AFD69 /* Pods-CCWeiboSwiftApp.release.xcconfig */;
			buildSettings = {
				ALWAYS_EMBED_SWIFT_STANDARD_LIBRARIES = YES;
				ASSETCATALOG_COMPILER_APPICON_NAME = AppIcon;
				ASSETCATALOG_COMPILER_LAUNCHIMAGE_NAME = LaunchImage;
				CODE_SIGN_ENTITLEMENTS = CCWeiboSwiftApp/CCWeiboSwiftApp.entitlements;
				DEVELOPMENT_TEAM = U4A6RHW364;
				INFOPLIST_FILE = CCWeiboSwiftApp/Info.plist;
				IPHONEOS_DEPLOYMENT_TARGET = 9.0;
				LD_RUNPATH_SEARCH_PATHS = "$(inherited) @executable_path/Frameworks";
				PRODUCT_BUNDLE_IDENTIFIER = com.chenchen.CCWeiboSwiftApp;
				PRODUCT_NAME = "$(TARGET_NAME)";
				SWIFT_OBJC_BRIDGING_HEADER = "CCWeiboSwiftApp/CCWeiboSwiftApp-Bridging-Header.h";
				SWIFT_VERSION = 3.0;
			};
			name = Release;
		};
/* End XCBuildConfiguration section */

/* Begin XCConfigurationList section */
		864DFC821DDB5239007F5D64 /* Build configuration list for PBXProject "CCWeiboSwiftApp" */ = {
			isa = XCConfigurationList;
			buildConfigurations = (
				864DFC971DDB523A007F5D64 /* Debug */,
				864DFC981DDB523A007F5D64 /* Release */,
			);
			defaultConfigurationIsVisible = 0;
			defaultConfigurationName = Release;
		};
		864DFC991DDB523A007F5D64 /* Build configuration list for PBXNativeTarget "CCWeiboSwiftApp" */ = {
			isa = XCConfigurationList;
			buildConfigurations = (
				864DFC9A1DDB523A007F5D64 /* Debug */,
				864DFC9B1DDB523A007F5D64 /* Release */,
			);
			defaultConfigurationIsVisible = 0;
			defaultConfigurationName = Release;
		};
/* End XCConfigurationList section */
	};
	rootObject = 864DFC7F1DDB5239007F5D64 /* Project object */;
}
